# This file is automatically @generated by Cargo.
# It is not intended for manual editing.
version = 4

[[package]]
name = "bitflags"
version = "1.3.2"
source = "registry+https://github.com/rust-lang/crates.io-index"
checksum = "bef38d45163c2f1dde094a7dfd33ccf595c92905c8f8f4fdc18d06fb1037718a"

[[package]]
name = "cc"
version = "1.2.43"
source = "registry+https://github.com/rust-lang/crates.io-index"
checksum = "739eb0f94557554b3ca9a86d2d37bebd49c5e6d0c1d2bda35ba5bdac830befc2"
dependencies = [
 "find-msvc-tools",
 "shlex",
]

[[package]]
name = "core-foundation"
version = "0.9.4"
source = "registry+https://github.com/rust-lang/crates.io-index"
checksum = "91e195e091a93c46f7102ec7818a2aa394e1e1771c3ab4825963fa03e45afb8f"
dependencies = [
 "core-foundation-sys",
 "libc",
]

[[package]]
name = "core-foundation-sys"
version = "0.8.7"
source = "registry+https://github.com/rust-lang/crates.io-index"
checksum = "773648b94d0e5d620f64f280777445740e61fe701025087ec8b57f45c791888b"

[[package]]
name = "core-graphics"
version = "0.23.2"
source = "registry+https://github.com/rust-lang/crates.io-index"
checksum = "c07782be35f9e1140080c6b96f0d44b739e2278479f64e02fdab4e32dfd8b081"
dependencies = [
 "bitflags",
 "core-foundation",
 "core-graphics-types",
 "foreign-types",
 "libc",
]

[[package]]
name = "core-graphics-types"
version = "0.1.3"
source = "registry+https://github.com/rust-lang/crates.io-index"
checksum = "45390e6114f68f718cc7a830514a96f903cccd70d02a8f6d9f643ac4ba45afaf"
dependencies = [
 "bitflags",
 "core-foundation",
 "libc",
]

[[package]]
name = "core-text"
version = "20.1.0"
source = "registry+https://github.com/rust-lang/crates.io-index"
checksum = "c9d2790b5c08465d49f8dc05c8bcae9fea467855947db39b0f8145c091aaced5"
dependencies = [
 "core-foundation",
 "core-graphics",
 "foreign-types",
 "libc",
]

[[package]]
name = "displaydoc"
version = "0.2.5"
source = "registry+https://github.com/rust-lang/crates.io-index"
checksum = "97369cbbc041bc366949bc74d34658d6cda5621039731c6310521892a3a20ae0"
dependencies = [
 "proc-macro2",
 "quote",
 "syn",
]

[[package]]
name = "find-msvc-tools"
version = "0.1.4"
source = "registry+https://github.com/rust-lang/crates.io-index"
checksum = "52051878f80a721bb68ebfbc930e07b65ba72f2da88968ea5c06fd6ca3d3a127"

[[package]]
name = "foreign-types"
version = "0.5.0"
source = "registry+https://github.com/rust-lang/crates.io-index"
checksum = "d737d9aa519fb7b749cbc3b962edcf310a8dd1f4b67c91c4f83975dbdd17d965"
dependencies = [
 "foreign-types-macros",
 "foreign-types-shared",
]

[[package]]
name = "foreign-types-macros"
version = "0.2.3"
source = "registry+https://github.com/rust-lang/crates.io-index"
checksum = "1a5c6c585bc94aaf2c7b51dd4c2ba22680844aba4c687be581871a6f518c5742"
dependencies = [
 "proc-macro2",
 "quote",
 "syn",
]

[[package]]
name = "foreign-types-shared"
version = "0.3.1"
source = "registry+https://github.com/rust-lang/crates.io-index"
checksum = "aa9a19cbb55df58761df49b23516a86d432839add4af60fc256da840f66ed35b"

[[package]]
name = "freetype-sys"
version = "0.20.1"
source = "registry+https://github.com/rust-lang/crates.io-index"
checksum = "0e7edc5b9669349acfda99533e9e0bcf26a51862ab43b08ee7745c55d28eb134"
dependencies = [
 "cc",
 "libc",
 "pkg-config",
]

[[package]]
name = "harfbuzz"
version = "0.6.0"
source = "registry+https://github.com/rust-lang/crates.io-index"
checksum = "dce78c14c864113a44cbeb6269c739ca04ef56582f07b0e4d527da25e5f199b6"
dependencies = [
 "harfbuzz-sys",
 "harfbuzz-traits",
]

[[package]]
name = "harfbuzz-sys"
version = "0.6.1"
source = "registry+https://github.com/rust-lang/crates.io-index"
checksum = "eb86e2fef3ba40cebffb8fa2cba811f06aa5c5fd296a4e469473e5398d166594"
dependencies = [
 "cc",
 "core-graphics",
 "core-text",
 "foreign-types",
 "freetype-sys",
 "pkg-config",
 "winapi",
]

[[package]]
name = "harfbuzz-traits"
version = "0.6.0"
source = "registry+https://github.com/rust-lang/crates.io-index"
checksum = "2b2b09c6c4711837cc213910511345490ee139c6dbb368800f775b6a53b373ec"

[[package]]
name = "icu_collections"
version = "2.1.1"
dependencies = [
 "displaydoc",
 "potential_utf",
 "serde",
 "yoke",
 "zerofrom",
 "zerovec",
]

[[package]]
name = "icu_locale_core"
version = "2.1.1"
dependencies = [
 "displaydoc",
 "litemap",
 "serde",
 "tinystr",
 "writeable",
 "zerovec",
]

[[package]]
name = "icu_normalizer"
version = "2.1.1"
dependencies = [
 "harfbuzz-traits",
 "icu_collections",
 "icu_normalizer_data",
 "icu_properties",
 "icu_provider",
 "serde",
 "smallvec",
 "utf16_iter",
 "utf8_iter",
 "write16",
 "zerovec",
]

[[package]]
name = "icu_normalizer_data"
version = "2.1.1"

[[package]]
name = "icu_properties"
version = "2.1.1"
dependencies = [
 "harfbuzz-traits",
 "icu_collections",
 "icu_locale_core",
 "icu_properties_data",
 "icu_provider",
 "serde",
 "zerotrie",
 "zerovec",
]

[[package]]
name = "icu_properties_data"
version = "2.1.1"

[[package]]
name = "icu_provider"
version = "2.1.1"
dependencies = [
 "displaydoc",
 "icu_locale_core",
 "serde",
 "writeable",
 "yoke",
 "zerofrom",
 "zerotrie",
 "zerovec",
]

[[package]]
name = "libc"
version = "0.2.177"
source = "registry+https://github.com/rust-lang/crates.io-index"
checksum = "2874a2af47a2325c2001a6e6fad9b16a53b802102b528163885171cf92b15976"

[[package]]
name = "litemap"
version = "0.8.1"
dependencies = [
 "serde_core",
]

[[package]]
name = "pkg-config"
version = "0.3.32"
source = "registry+https://github.com/rust-lang/crates.io-index"
checksum = "7edddbd0b52d732b21ad9a5fab5c704c14cd949e5e9a1ec5929a24fded1b904c"

[[package]]
name = "potential_utf"
version = "0.1.4"
dependencies = [
 "serde_core",
 "zerovec",
]

[[package]]
name = "proc-macro2"
version = "1.0.103"
source = "registry+https://github.com/rust-lang/crates.io-index"
checksum = "5ee95bc4ef87b8d5ba32e8b7714ccc834865276eab0aed5c9958d00ec45f49e8"
dependencies = [
 "unicode-ident",
]

[[package]]
name = "quote"
version = "1.0.41"
source = "registry+https://github.com/rust-lang/crates.io-index"
checksum = "ce25767e7b499d1b604768e7cde645d14cc8584231ea6b295e9c9eb22c02e1d1"
dependencies = [
 "proc-macro2",
]

[[package]]
name = "serde"
version = "1.0.228"
source = "registry+https://github.com/rust-lang/crates.io-index"
checksum = "9a8e94ea7f378bd32cbbd37198a4a91436180c5bb472411e48b5ec2e2124ae9e"
dependencies = [
 "serde_core",
 "serde_derive",
]

[[package]]
name = "serde_core"
version = "1.0.228"
source = "registry+https://github.com/rust-lang/crates.io-index"
checksum = "41d385c7d4ca58e59fc732af25c3983b67ac852c1a25000afe1175de458b67ad"
dependencies = [
 "serde_derive",
]

[[package]]
name = "serde_derive"
version = "1.0.228"
source = "registry+https://github.com/rust-lang/crates.io-index"
checksum = "d540f220d3187173da220f885ab66608367b6574e925011a9353e4badda91d79"
dependencies = [
 "proc-macro2",
 "quote",
 "syn",
]

[[package]]
name = "shlex"
version = "1.3.0"
source = "registry+https://github.com/rust-lang/crates.io-index"
checksum = "0fda2ff0d084019ba4d7c6f371c95d8fd75ce3524c3cb8fb653a3023f6323e64"

[[package]]
name = "smallvec"
version = "1.15.1"
source = "registry+https://github.com/rust-lang/crates.io-index"
checksum = "67b1b7a3b5fe4f1376887184045fcf45c69e92af734b7aaddc05fb777b6fbd03"

[[package]]
name = "stable_deref_trait"
version = "1.2.1"
source = "registry+https://github.com/rust-lang/crates.io-index"
checksum = "6ce2be8dc25455e1f91df71bfa12ad37d7af1092ae736f3a6cd0e37bc7810596"

[[package]]
name = "syn"
version = "2.0.108"
source = "registry+https://github.com/rust-lang/crates.io-index"
checksum = "da58917d35242480a05c2897064da0a80589a2a0476c9a3f2fdc83b53502e917"
dependencies = [
 "proc-macro2",
 "quote",
 "unicode-ident",
]

[[package]]
name = "synstructure"
version = "0.13.2"
source = "registry+https://github.com/rust-lang/crates.io-index"
checksum = "728a70f3dbaf5bab7f0c4b1ac8d7ae5ea60a4b5549c8a5914361c99147a709d2"
dependencies = [
 "proc-macro2",
 "quote",
 "syn",
]

[[package]]
name = "tinystr"
version = "0.8.2"
dependencies = [
 "displaydoc",
 "serde_core",
 "zerovec",
]

[[package]]
name = "tutorial_harfbuzz"
version = "0.0.0"
dependencies = [
 "harfbuzz",
 "harfbuzz-traits",
 "icu_normalizer",
 "icu_properties",
 "icu_provider",
]

[[package]]
name = "unicode-ident"
version = "1.0.20"
source = "registry+https://github.com/rust-lang/crates.io-index"
checksum = "462eeb75aeb73aea900253ce739c8e18a67423fadf006037cd3ff27e82748a06"

[[package]]
name = "utf16_iter"
version = "1.0.5"
source = "registry+https://github.com/rust-lang/crates.io-index"
checksum = "c8232dd3cdaed5356e0f716d285e4b40b932ac434100fe9b7e0e8e935b9e6246"

[[package]]
name = "utf8_iter"
version = "1.0.4"
source = "registry+https://github.com/rust-lang/crates.io-index"
checksum = "b6c140620e7ffbb22c2dee59cafe6084a59b5ffc27a8859a5f0d494b5d52b6be"

[[package]]
name = "winapi"
version = "0.3.9"
source = "registry+https://github.com/rust-lang/crates.io-index"
checksum = "5c839a674fcd7a98952e593242ea400abe93992746761e38641405d28b00f419"
dependencies = [
 "winapi-i686-pc-windows-gnu",
 "winapi-x86_64-pc-windows-gnu",
]

[[package]]
name = "winapi-i686-pc-windows-gnu"
version = "0.4.0"
source = "registry+https://github.com/rust-lang/crates.io-index"
checksum = "ac3b87c63620426dd9b991e5ce0329eff545bccbbb34f3be09ff6fb6ab51b7b6"

[[package]]
name = "winapi-x86_64-pc-windows-gnu"
version = "0.4.0"
source = "registry+https://github.com/rust-lang/crates.io-index"
checksum = "712e227841d057c1ee1cd2fb22fa7e5a5461ae8e48fa2ca79ec42cfc1931183f"

[[package]]
name = "write16"
version = "1.0.0"
source = "registry+https://github.com/rust-lang/crates.io-index"
checksum = "d1890f4022759daae28ed4fe62859b1236caebfc61ede2f63ed4e695f3f6d936"

[[package]]
name = "writeable"
version = "0.6.2"

[[package]]
name = "yoke"
version = "0.8.1"
dependencies = [
 "stable_deref_trait",
 "yoke-derive",
 "zerofrom",
]

[[package]]
name = "yoke-derive"
version = "0.8.1"
dependencies = [
 "proc-macro2",
 "quote",
 "syn",
 "synstructure",
]

[[package]]
name = "zerofrom"
version = "0.1.6"
dependencies = [
 "zerofrom-derive",
]

[[package]]
name = "zerofrom-derive"
version = "0.1.6"
dependencies = [
 "proc-macro2",
 "quote",
 "syn",
 "synstructure",
]

[[package]]
name = "zerotrie"
version = "0.2.3"
dependencies = [
 "displaydoc",
 "litemap",
 "serde_core",
 "yoke",
 "zerofrom",
 "zerovec",
]

[[package]]
name = "zerovec"
version = "0.11.5"
dependencies = [
 "serde",
 "yoke",
 "zerofrom",
 "zerovec-derive",
]

[[package]]
name = "zerovec-derive"
version = "0.11.2"
dependencies = [
 "proc-macro2",
 "quote",
 "syn",
]

[[patch.unused]]
name = "bies"
version = "0.2.5"

[[patch.unused]]
name = "crlify"
version = "1.0.4"

[[patch.unused]]
name = "databake"
version = "0.2.0"

[[patch.unused]]
name = "databake-derive"
version = "0.2.0"

[[patch.unused]]
name = "fixed_decimal"
version = "0.7.1"

[[patch.unused]]
name = "icu"
version = "2.1.1"

[[patch.unused]]
name = "icu4x-datagen"
version = "2.1.1"

[[patch.unused]]
name = "icu4x_ecma402"
version = "0.9.0"

[[patch.unused]]
name = "icu_benchmark_macros"
version = "0.0.0"

[[patch.unused]]
name = "icu_calendar"
version = "2.1.1"

[[patch.unused]]
name = "icu_calendar_data"
version = "2.1.1"

[[patch.unused]]
name = "icu_capi"
version = "2.1.1"

[[patch.unused]]
name = "icu_casemap"
version = "2.1.1"

[[patch.unused]]
name = "icu_casemap_data"
version = "2.1.1"

[[patch.unused]]
name = "icu_codepointtrie_builder"
version = "0.5.1"

[[patch.unused]]
name = "icu_collator"
version = "2.1.1"

[[patch.unused]]
name = "icu_collator_data"
version = "2.1.1"

[[patch.unused]]
name = "icu_datetime"
version = "2.1.1"

[[patch.unused]]
name = "icu_datetime_data"
version = "2.1.1"

[[patch.unused]]
name = "icu_decimal"
version = "2.1.1"

[[patch.unused]]
name = "icu_decimal_data"
version = "2.1.1"

[[patch.unused]]
name = "icu_experimental"
version = "0.4.0"

[[patch.unused]]
name = "icu_experimental_data"
version = "0.4.0"

[[patch.unused]]
name = "icu_freertos"
version = "2.1.1"

[[patch.unused]]
name = "icu_list"
version = "2.1.1"

[[patch.unused]]
name = "icu_list_data"
version = "2.1.1"

[[patch.unused]]
name = "icu_locale"
version = "2.1.1"

[[patch.unused]]
name = "icu_locale_data"
version = "2.1.1"

[[patch.unused]]
name = "icu_pattern"
version = "0.4.1"

[[patch.unused]]
name = "icu_plurals"
version = "2.1.1"

[[patch.unused]]
name = "icu_plurals_data"
version = "2.1.1"

[[patch.unused]]
name = "icu_provider_adapters"
version = "2.1.1"

[[patch.unused]]
name = "icu_provider_baked"
version = "2.1.1"

[[patch.unused]]
name = "icu_provider_blob"
version = "2.1.1"

[[patch.unused]]
name = "icu_provider_export"
version = "2.1.1"

[[patch.unused]]
name = "icu_provider_fs"
version = "2.1.1"

[[patch.unused]]
name = "icu_provider_registry"
version = "2.1.1"

[[patch.unused]]
name = "icu_provider_source"
version = "2.1.1"

[[patch.unused]]
name = "icu_segmenter"
version = "2.1.1"

[[patch.unused]]
name = "icu_segmenter_data"
version = "2.1.1"

[[patch.unused]]
name = "icu_time"
version = "2.1.1"

[[patch.unused]]
name = "icu_time_data"
version = "2.1.1"

[[patch.unused]]
name = "ixdtf"
version = "0.6.4"

[[patch.unused]]
name = "tzif"
version = "0.4.1"
