{
	"name": "icu4x-web-demo",
	"version": "1.0.0",
	"lockfileVersion": 3,
	"requires": true,
	"packages": {
		"": {
			"name": "icu4x-web-demo",
			"version": "1.0.0",
			"license": "ISC",
			"dependencies": {
				"icu4x": "file:../../ffi/npm"
			}
		},
		"../../ffi/npm": {
			"version": "0.0.1",
			"license": "Apache-2.0",
			"devDependencies": {
				"ava": "^5.3.1",
				"benchmark": "^2.1.4"
			}
		},
		"node_modules/icu4x": {
			"resolved": "../../ffi/npm",
			"link": true
		}
	}
}
