# This file is automatically @generated by Cargo.
# It is not intended for manual editing.
version = 3

[[package]]
name = "diplomat"
version = "0.8.0"
source = "git+https://github.com/rust-diplomat/diplomat?rev=b49d63ec2a50a456b4b6e9d072d3650dca153ff8#b49d63ec2a50a456b4b6e9d072d3650dca153ff8"
dependencies = [
 "diplomat_core",
 "proc-macro2",
 "quote",
 "syn",
]

[[package]]
name = "diplomat-runtime"
version = "0.8.1"
source = "git+https://github.com/rust-diplomat/diplomat?rev=b49d63ec2a50a456b4b6e9d072d3650dca153ff8#b49d63ec2a50a456b4b6e9d072d3650dca153ff8"

[[package]]
name = "diplomat_core"
version = "0.8.0"
source = "git+https://github.com/rust-diplomat/diplomat?rev=b49d63ec2a50a456b4b6e9d072d3650dca153ff8#b49d63ec2a50a456b4b6e9d072d3650dca153ff8"
dependencies = [
 "proc-macro2",
 "quote",
 "serde",
 "smallvec",
 "strck",
 "syn",
]

[[package]]
name = "displaydoc"
version = "0.2.5"
source = "registry+https://github.com/rust-lang/crates.io-index"
checksum = "97369cbbc041bc366949bc74d34658d6cda5621039731c6310521892a3a20ae0"
dependencies = [
 "proc-macro2",
 "quote",
 "syn",
]

[[package]]
name = "icu_capi"
version = "2.0.0-beta1"
dependencies = [
 "diplomat",
 "diplomat-runtime",
 "icu_locale_core",
 "icu_provider",
 "icu_provider_adapters",
 "potential_utf",
 "tinystr",
 "writeable",
 "zerovec",
]

[[package]]
name = "icu_collections"
version = "2.0.0-beta1"
dependencies = [
 "displaydoc",
 "potential_utf",
 "yoke",
 "zerofrom",
 "zerovec",
]

[[package]]
name = "icu_locale"
version = "2.0.0-beta1"
dependencies = [
 "displaydoc",
 "icu_collections",
 "icu_locale_core",
 "icu_provider",
 "potential_utf",
 "tinystr",
 "zerovec",
]

[[package]]
name = "icu_locale_core"
version = "2.0.0-beta1"
dependencies = [
 "displaydoc",
 "litemap",
 "tinystr",
 "writeable",
 "zerovec",
]

[[package]]
name = "icu_provider"
version = "2.0.0-beta1"
dependencies = [
 "displaydoc",
 "icu_locale_core",
 "icu_provider_macros",
 "stable_deref_trait",
 "tinystr",
 "writeable",
 "yoke",
 "zerofrom",
 "zerovec",
]

[[package]]
name = "icu_provider_adapters"
version = "2.0.0-beta1"
dependencies = [
 "icu_locale",
 "icu_provider",
 "tinystr",
 "zerovec",
]

[[package]]
name = "icu_provider_macros"
version = "2.0.0-beta1"
dependencies = [
 "proc-macro2",
 "quote",
 "syn",
]

[[package]]
name = "litemap"
version = "0.7.4"

[[package]]
name = "potential_utf"
version = "0.1.0"
dependencies = [
 "serde",
 "writeable",
 "zerovec",
]

[[package]]
name = "proc-macro2"
version = "1.0.92"
source = "registry+https://github.com/rust-lang/crates.io-index"
checksum = "37d3544b3f2748c54e147655edb5025752e2303145b5aefb3c3ea2c78b973bb0"
dependencies = [
 "unicode-ident",
]

[[package]]
name = "quote"
version = "1.0.37"
source = "registry+https://github.com/rust-lang/crates.io-index"
checksum = "b5b9d34b8991d19d98081b46eacdd8eb58c6f2b201139f7c5f643cc155a633af"
dependencies = [
 "proc-macro2",
]

[[package]]
name = "serde"
version = "1.0.215"
source = "registry+https://github.com/rust-lang/crates.io-index"
checksum = "6513c1ad0b11a9376da888e3e0baa0077f1aed55c17f50e7b2397136129fb88f"
dependencies = [
 "serde_derive",
]

[[package]]
name = "serde_derive"
version = "1.0.215"
source = "registry+https://github.com/rust-lang/crates.io-index"
checksum = "ad1e866f866923f252f05c889987993144fb74e722403468a4ebd70c3cd756c0"
dependencies = [
 "proc-macro2",
 "quote",
 "syn",
]

[[package]]
name = "smallvec"
version = "1.13.2"
source = "registry+https://github.com/rust-lang/crates.io-index"
checksum = "3c5e1a9a646d36c3599cd173a41282daf47c44583ad367b8e6837255952e5c67"

[[package]]
name = "stable_deref_trait"
version = "1.2.0"
source = "registry+https://github.com/rust-lang/crates.io-index"
checksum = "a8f112729512f8e442d81f95a8a7ddf2b7c6b8a1a6f509a95864142b30cab2d3"

[[package]]
name = "strck"
version = "1.0.0"
source = "registry+https://github.com/rust-lang/crates.io-index"
checksum = "42316e70da376f3d113a68d138a60d8a9883c604fe97942721ec2068dab13a9f"
dependencies = [
 "unicode-ident",
]

[[package]]
name = "syn"
version = "2.0.89"
source = "registry+https://github.com/rust-lang/crates.io-index"
checksum = "44d46482f1c1c87acd84dea20c1bf5ebff4c757009ed6bf19cfd36fb10e92c4e"
dependencies = [
 "proc-macro2",
 "quote",
 "unicode-ident",
]

[[package]]
name = "synstructure"
version = "0.13.1"
source = "registry+https://github.com/rust-lang/crates.io-index"
checksum = "c8af7666ab7b6390ab78131fb5b0fce11d6b7a6951602017c35fa82800708971"
dependencies = [
 "proc-macro2",
 "quote",
 "syn",
]

[[package]]
name = "tinystr"
version = "0.8.0"
dependencies = [
 "displaydoc",
 "zerovec",
]

[[package]]
name = "unicode-ident"
version = "1.0.14"
source = "registry+https://github.com/rust-lang/crates.io-index"
checksum = "adb9e6ca4f869e1180728b7950e35922a7fc6397f7b641499e8f3ef06e50dc83"

[[package]]
name = "unused"
version = "0.0.0"
dependencies = [
 "icu_capi",
]

[[package]]
name = "writeable"
version = "0.6.0"

[[package]]
name = "yoke"
version = "0.7.5"
dependencies = [
 "serde",
 "stable_deref_trait",
 "yoke-derive",
 "zerofrom",
]

[[package]]
name = "yoke-derive"
version = "0.7.5"
dependencies = [
 "proc-macro2",
 "quote",
 "syn",
 "synstructure",
]

[[package]]
name = "zerofrom"
version = "0.1.5"
dependencies = [
 "zerofrom-derive",
]

[[package]]
name = "zerofrom-derive"
version = "0.1.5"
dependencies = [
 "proc-macro2",
 "quote",
 "syn",
 "synstructure",
]

[[package]]
name = "zerovec"
version = "0.11.0"
dependencies = [
 "yoke",
 "zerofrom",
 "zerovec-derive",
]

[[package]]
name = "zerovec-derive"
version = "0.11.0"
dependencies = [
 "proc-macro2",
 "quote",
 "syn",
]

[[patch.unused]]
name = "bies"
version = "0.2.3"

[[patch.unused]]
name = "crlify"
version = "1.0.4"

[[patch.unused]]
name = "databake"
version = "0.2.0"

[[patch.unused]]
name = "databake-derive"
version = "0.2.0"

[[patch.unused]]
name = "deduplicating_array"
version = "0.1.7"

[[patch.unused]]
name = "fixed_decimal"
version = "0.6.0"

[[patch.unused]]
name = "icu"
version = "2.0.0-beta1"

[[patch.unused]]
name = "icu4x-datagen"
version = "2.0.0-beta1"

[[patch.unused]]
name = "icu4x_ecma402"
version = "0.9.0-dev"

[[patch.unused]]
name = "icu_benchmark_macros"
version = "0.0.0"

[[patch.unused]]
name = "icu_calendar"
version = "2.0.0-beta1"

[[patch.unused]]
name = "icu_calendar_data"
version = "2.0.0-beta1"

[[patch.unused]]
name = "icu_casemap"
version = "2.0.0-beta1"

[[patch.unused]]
name = "icu_casemap_data"
version = "2.0.0-beta1"

[[patch.unused]]
name = "icu_codepointtrie_builder"
version = "0.4.0-dev"

[[patch.unused]]
name = "icu_collator"
version = "2.0.0-beta1"

[[patch.unused]]
name = "icu_collator_data"
version = "2.0.0-beta1"

[[patch.unused]]
name = "icu_datetime"
version = "2.0.0-beta1"

[[patch.unused]]
name = "icu_datetime_data"
version = "2.0.0-beta1"

[[patch.unused]]
name = "icu_decimal"
version = "2.0.0-beta1"

[[patch.unused]]
name = "icu_decimal_data"
version = "2.0.0-beta1"

[[patch.unused]]
name = "icu_experimental"
version = "0.2.0"

[[patch.unused]]
name = "icu_experimental_data"
version = "0.2.0-dev"

[[patch.unused]]
name = "icu_freertos"
version = "2.0.0-beta1"

[[patch.unused]]
name = "icu_harfbuzz"
version = "0.2.0"

[[patch.unused]]
name = "icu_list"
version = "2.0.0-beta1"

[[patch.unused]]
name = "icu_list_data"
version = "2.0.0-beta1"

[[patch.unused]]
name = "icu_locale_data"
version = "2.0.0-beta1"

[[patch.unused]]
name = "icu_normalizer"
version = "2.0.0-beta1"

[[patch.unused]]
name = "icu_normalizer_data"
version = "2.0.0-beta1"

[[patch.unused]]
name = "icu_pattern"
version = "0.3.0"

[[patch.unused]]
name = "icu_plurals"
version = "2.0.0-beta1"

[[patch.unused]]
name = "icu_plurals_data"
version = "2.0.0-beta1"

[[patch.unused]]
name = "icu_properties"
version = "2.0.0-beta1"

[[patch.unused]]
name = "icu_properties_data"
version = "2.0.0-beta1"

[[patch.unused]]
name = "icu_provider_baked"
version = "2.0.0-beta1"

[[patch.unused]]
name = "icu_provider_blob"
version = "2.0.0-beta1"

[[patch.unused]]
name = "icu_provider_export"
version = "2.0.0-beta1"

[[patch.unused]]
name = "icu_provider_fs"
version = "2.0.0-beta1"

[[patch.unused]]
name = "icu_provider_registry"
version = "2.0.0-beta1"

[[patch.unused]]
name = "icu_provider_source"
version = "2.0.0-beta1"

[[patch.unused]]
name = "icu_segmenter"
version = "2.0.0-beta1"

[[patch.unused]]
name = "icu_segmenter_data"
version = "2.0.0-beta1"

[[patch.unused]]
name = "icu_timezone"
version = "2.0.0-beta1"

[[patch.unused]]
name = "icu_timezone_data"
version = "2.0.0-beta1"

[[patch.unused]]
name = "ixdtf"
version = "0.3.0"

[[patch.unused]]
name = "tzif"
version = "0.3.0-dev"

[[patch.unused]]
name = "zerotrie"
version = "0.2.0"
