# This file is automatically @generated by Cargo.
# It is not intended for manual editing.
version = 3

[[package]]
name = "diplomat"
version = "0.10.0"
source = "git+https://github.com/rust-diplomat/diplomat#5c383d634b982a5f3199c0fee8421839f9582cfc"
dependencies = [
 "diplomat_core",
 "proc-macro2",
 "quote",
 "syn",
]

[[package]]
name = "diplomat-runtime"
version = "0.10.0"
source = "git+https://github.com/rust-diplomat/diplomat#5c383d634b982a5f3199c0fee8421839f9582cfc"

[[package]]
name = "diplomat_core"
version = "0.10.0"
source = "git+https://github.com/rust-diplomat/diplomat#5c383d634b982a5f3199c0fee8421839f9582cfc"
dependencies = [
 "proc-macro2",
 "quote",
 "serde",
 "smallvec",
 "strck",
 "syn",
]

[[package]]
name = "displaydoc"
version = "0.2.5"
source = "registry+https://github.com/rust-lang/crates.io-index"
checksum = "97369cbbc041bc366949bc74d34658d6cda5621039731c6310521892a3a20ae0"
dependencies = [
 "proc-macro2",
 "quote",
 "syn",
]

[[package]]
name = "icu_capi"
version = "2.0.0-beta2"
dependencies = [
 "diplomat",
 "diplomat-runtime",
 "icu_locale_core",
 "icu_provider",
 "icu_provider_adapters",
 "potential_utf",
 "tinystr",
 "writeable",
 "zerovec",
]

[[package]]
name = "icu_collections"
version = "2.0.0-beta2"
dependencies = [
 "displaydoc",
 "potential_utf",
 "yoke",
 "zerofrom",
 "zerovec",
]

[[package]]
name = "icu_locale"
version = "2.0.0-beta2"
dependencies = [
 "displaydoc",
 "icu_collections",
 "icu_locale_core",
 "icu_provider",
 "potential_utf",
 "tinystr",
 "zerovec",
]

[[package]]
name = "icu_locale_core"
version = "2.0.0-beta2"
dependencies = [
 "displaydoc",
 "litemap",
 "tinystr",
 "writeable",
 "zerovec",
]

[[package]]
name = "icu_provider"
version = "2.0.0-beta2"
dependencies = [
 "displaydoc",
 "icu_locale_core",
 "icu_provider_macros",
 "stable_deref_trait",
 "tinystr",
 "writeable",
 "yoke",
 "zerofrom",
 "zerovec",
]

[[package]]
name = "icu_provider_adapters"
version = "2.0.0-beta2"
dependencies = [
 "icu_locale",
 "icu_provider",
 "tinystr",
 "zerovec",
]

[[package]]
name = "icu_provider_macros"
version = "2.0.0-beta2"
dependencies = [
 "proc-macro2",
 "quote",
 "syn",
]

[[package]]
name = "litemap"
version = "0.7.5"

[[package]]
name = "potential_utf"
version = "0.1.2"
dependencies = [
 "serde",
 "writeable",
 "zerovec",
]

[[package]]
name = "proc-macro2"
version = "1.0.93"
source = "registry+https://github.com/rust-lang/crates.io-index"
checksum = "60946a68e5f9d28b0dc1c21bb8a97ee7d018a8b322fa57838ba31cc878e22d99"
dependencies = [
 "unicode-ident",
]

[[package]]
name = "quote"
version = "1.0.38"
source = "registry+https://github.com/rust-lang/crates.io-index"
checksum = "0e4dccaaaf89514f546c693ddc140f729f958c247918a13380cccc6078391acc"
dependencies = [
 "proc-macro2",
]

[[package]]
name = "serde"
version = "1.0.218"
source = "registry+https://github.com/rust-lang/crates.io-index"
checksum = "e8dfc9d19bdbf6d17e22319da49161d5d0108e4188e8b680aef6299eed22df60"
dependencies = [
 "serde_derive",
]

[[package]]
name = "serde_derive"
version = "1.0.218"
source = "registry+https://github.com/rust-lang/crates.io-index"
checksum = "f09503e191f4e797cb8aac08e9a4a4695c5edf6a2e70e376d961ddd5c969f82b"
dependencies = [
 "proc-macro2",
 "quote",
 "syn",
]

[[package]]
name = "smallvec"
version = "1.14.0"
source = "registry+https://github.com/rust-lang/crates.io-index"
checksum = "7fcf8323ef1faaee30a44a340193b1ac6814fd9b7b4e88e9d4519a3e4abe1cfd"

[[package]]
name = "stable_deref_trait"
version = "1.2.0"
source = "registry+https://github.com/rust-lang/crates.io-index"
checksum = "a8f112729512f8e442d81f95a8a7ddf2b7c6b8a1a6f509a95864142b30cab2d3"

[[package]]
name = "strck"
version = "1.0.0"
source = "registry+https://github.com/rust-lang/crates.io-index"
checksum = "42316e70da376f3d113a68d138a60d8a9883c604fe97942721ec2068dab13a9f"
dependencies = [
 "unicode-ident",
]

[[package]]
name = "syn"
version = "2.0.98"
source = "registry+https://github.com/rust-lang/crates.io-index"
checksum = "36147f1a48ae0ec2b5b3bc5b537d267457555a10dc06f3dbc8cb11ba3006d3b1"
dependencies = [
 "proc-macro2",
 "quote",
 "unicode-ident",
]

[[package]]
name = "synstructure"
version = "0.13.1"
source = "registry+https://github.com/rust-lang/crates.io-index"
checksum = "c8af7666ab7b6390ab78131fb5b0fce11d6b7a6951602017c35fa82800708971"
dependencies = [
 "proc-macro2",
 "quote",
 "syn",
]

[[package]]
name = "tinystr"
version = "0.8.1"
dependencies = [
 "displaydoc",
 "zerovec",
]

[[package]]
name = "unicode-ident"
version = "1.0.17"
source = "registry+https://github.com/rust-lang/crates.io-index"
checksum = "00e2473a93778eb0bad35909dff6a10d28e63f792f16ed15e404fca9d5eeedbe"

[[package]]
name = "unused"
version = "0.0.0"
dependencies = [
 "icu_capi",
]

[[package]]
name = "writeable"
version = "0.6.1"

[[package]]
name = "yoke"
version = "0.8.0"
dependencies = [
 "serde",
 "stable_deref_trait",
 "yoke-derive",
 "zerofrom",
]

[[package]]
name = "yoke-derive"
version = "0.8.0"
dependencies = [
 "proc-macro2",
 "quote",
 "syn",
 "synstructure",
]

[[package]]
name = "zerofrom"
version = "0.1.6"
dependencies = [
 "zerofrom-derive",
]

[[package]]
name = "zerofrom-derive"
version = "0.1.6"
dependencies = [
 "proc-macro2",
 "quote",
 "syn",
 "synstructure",
]

[[package]]
name = "zerovec"
version = "0.11.1"
dependencies = [
 "yoke",
 "zerofrom",
 "zerovec-derive",
]

[[package]]
name = "zerovec-derive"
version = "0.11.1"
dependencies = [
 "proc-macro2",
 "quote",
 "syn",
]

[[patch.unused]]
name = "bies"
version = "0.2.3"

[[patch.unused]]
name = "crlify"
version = "1.0.4"

[[patch.unused]]
name = "databake"
version = "0.2.0"

[[patch.unused]]
name = "databake-derive"
version = "0.2.0"

[[patch.unused]]
name = "deduplicating_array"
version = "0.1.7"

[[patch.unused]]
name = "fixed_decimal"
version = "0.7.0"

[[patch.unused]]
name = "icu"
version = "2.0.0-beta2"

[[patch.unused]]
name = "icu4x-datagen"
version = "2.0.0-beta2"

[[patch.unused]]
name = "icu4x_ecma402"
version = "0.9.0-dev"

[[patch.unused]]
name = "icu_benchmark_macros"
version = "0.0.0"

[[patch.unused]]
name = "icu_calendar"
version = "2.0.0-beta2"

[[patch.unused]]
name = "icu_calendar_data"
version = "2.0.0-beta2"

[[patch.unused]]
name = "icu_casemap"
version = "2.0.0-beta2"

[[patch.unused]]
name = "icu_casemap_data"
version = "2.0.0-beta2"

[[patch.unused]]
name = "icu_codepointtrie_builder"
version = "0.4.0"

[[patch.unused]]
name = "icu_collator"
version = "2.0.0-beta2"

[[patch.unused]]
name = "icu_collator_data"
version = "2.0.0-beta2"

[[patch.unused]]
name = "icu_datetime"
version = "2.0.0-beta2"

[[patch.unused]]
name = "icu_datetime_data"
version = "2.0.0-beta2"

[[patch.unused]]
name = "icu_decimal"
version = "2.0.0-beta2"

[[patch.unused]]
name = "icu_decimal_data"
version = "2.0.0-beta2"

[[patch.unused]]
name = "icu_experimental"
version = "0.3.0"

[[patch.unused]]
name = "icu_experimental_data"
version = "0.3.0"

[[patch.unused]]
name = "icu_freertos"
version = "2.0.0-beta2"

[[patch.unused]]
name = "icu_harfbuzz"
version = "0.2.0"

[[patch.unused]]
name = "icu_list"
version = "2.0.0-beta2"

[[patch.unused]]
name = "icu_list_data"
version = "2.0.0-beta2"

[[patch.unused]]
name = "icu_locale_data"
version = "2.0.0-beta2"

[[patch.unused]]
name = "icu_normalizer"
version = "2.0.0-beta2"

[[patch.unused]]
name = "icu_normalizer_data"
version = "2.0.0-beta2"

[[patch.unused]]
name = "icu_pattern"
version = "0.4.0"

[[patch.unused]]
name = "icu_plurals"
version = "2.0.0-beta2"

[[patch.unused]]
name = "icu_plurals_data"
version = "2.0.0-beta2"

[[patch.unused]]
name = "icu_properties"
version = "2.0.0-beta2"

[[patch.unused]]
name = "icu_properties_data"
version = "2.0.0-beta2"

[[patch.unused]]
name = "icu_provider_baked"
version = "2.0.0-beta2"

[[patch.unused]]
name = "icu_provider_blob"
version = "2.0.0-beta2"

[[patch.unused]]
name = "icu_provider_export"
version = "2.0.0-beta2"

[[patch.unused]]
name = "icu_provider_fs"
version = "2.0.0-beta2"

[[patch.unused]]
name = "icu_provider_registry"
version = "2.0.0-beta2"

[[patch.unused]]
name = "icu_provider_source"
version = "2.0.0-beta2"

[[patch.unused]]
name = "icu_segmenter"
version = "2.0.0-beta2"

[[patch.unused]]
name = "icu_segmenter_data"
version = "2.0.0-beta2"

[[patch.unused]]
name = "icu_time"
version = "2.0.0-beta2"

[[patch.unused]]
name = "icu_time_data"
version = "2.0.0-beta2"

[[patch.unused]]
name = "ixdtf"
version = "0.4.0"

[[patch.unused]]
name = "tzif"
version = "0.3.0"

[[patch.unused]]
name = "zerotrie"
version = "0.2.1"
