# This file is automatically @generated by Cargo.
# It is not intended for manual editing.
version = 3

[[package]]
name = "diplomat"
version = "0.8.0"
source = "git+https://github.com/rust-diplomat/diplomat?rev=8744ac97162341f347b63131969ad736e1047f6d#8744ac97162341f347b63131969ad736e1047f6d"
dependencies = [
 "diplomat_core",
 "proc-macro2",
 "quote",
 "syn",
]

[[package]]
name = "diplomat-runtime"
version = "0.8.1"
source = "git+https://github.com/rust-diplomat/diplomat?rev=8744ac97162341f347b63131969ad736e1047f6d#8744ac97162341f347b63131969ad736e1047f6d"

[[package]]
name = "diplomat_core"
version = "0.8.0"
source = "git+https://github.com/rust-diplomat/diplomat?rev=8744ac97162341f347b63131969ad736e1047f6d#8744ac97162341f347b63131969ad736e1047f6d"
dependencies = [
 "proc-macro2",
 "quote",
 "serde",
 "smallvec",
 "strck_ident",
 "syn",
]

[[package]]
name = "displaydoc"
version = "0.2.4"
source = "registry+https://github.com/rust-lang/crates.io-index"
checksum = "487585f4d0c6655fe74905e2504d8ad6908e4db67f744eb140876906c2f3175d"
dependencies = [
 "proc-macro2",
 "quote",
 "syn",
]

[[package]]
name = "icu_capi"
version = "1.5.0"
dependencies = [
 "diplomat",
 "diplomat-runtime",
 "icu_locale_core",
 "icu_provider",
 "icu_provider_adapters",
 "tinystr",
 "writeable",
]

[[package]]
name = "icu_locale"
version = "1.5.0"
dependencies = [
 "displaydoc",
 "icu_locale_core",
 "icu_provider",
 "tinystr",
 "zerovec",
]

[[package]]
name = "icu_locale_core"
version = "1.5.0"
dependencies = [
 "displaydoc",
 "litemap",
 "tinystr",
 "writeable",
 "zerovec",
]

[[package]]
name = "icu_provider"
version = "1.5.0"
dependencies = [
 "displaydoc",
 "icu_locale_core",
 "icu_provider_macros",
 "stable_deref_trait",
 "tinystr",
 "writeable",
 "yoke",
 "zerofrom",
 "zerovec",
]

[[package]]
name = "icu_provider_adapters"
version = "1.5.0"
dependencies = [
 "icu_locale",
 "icu_provider",
 "tinystr",
 "zerovec",
]

[[package]]
name = "icu_provider_macros"
version = "1.5.0"
dependencies = [
 "proc-macro2",
 "quote",
 "syn",
]

[[package]]
name = "litemap"
version = "0.7.3"

[[package]]
name = "proc-macro2"
version = "1.0.84"
source = "registry+https://github.com/rust-lang/crates.io-index"
checksum = "ec96c6a92621310b51366f1e28d05ef11489516e93be030060e5fc12024a49d6"
dependencies = [
 "unicode-ident",
]

[[package]]
name = "quote"
version = "1.0.36"
source = "registry+https://github.com/rust-lang/crates.io-index"
checksum = "0fa76aaf39101c457836aec0ce2316dbdc3ab723cdda1c6bd4e6ad4208acaca7"
dependencies = [
 "proc-macro2",
]

[[package]]
name = "serde"
version = "1.0.203"
source = "registry+https://github.com/rust-lang/crates.io-index"
checksum = "7253ab4de971e72fb7be983802300c30b5a7f0c2e56fab8abfc6a214307c0094"
dependencies = [
 "serde_derive",
]

[[package]]
name = "serde_derive"
version = "1.0.203"
source = "registry+https://github.com/rust-lang/crates.io-index"
checksum = "500cbc0ebeb6f46627f50f3f5811ccf6bf00643be300b4c3eabc0ef55dc5b5ba"
dependencies = [
 "proc-macro2",
 "quote",
 "syn",
]

[[package]]
name = "smallvec"
version = "1.13.2"
source = "registry+https://github.com/rust-lang/crates.io-index"
checksum = "3c5e1a9a646d36c3599cd173a41282daf47c44583ad367b8e6837255952e5c67"

[[package]]
name = "stable_deref_trait"
version = "1.2.0"
source = "registry+https://github.com/rust-lang/crates.io-index"
checksum = "a8f112729512f8e442d81f95a8a7ddf2b7c6b8a1a6f509a95864142b30cab2d3"

[[package]]
name = "strck"
version = "0.1.2"
source = "registry+https://github.com/rust-lang/crates.io-index"
checksum = "be91090ded9d8f979d9fe921777342d37e769e0b6b7296843a7a38247240e917"

[[package]]
name = "strck_ident"
version = "0.1.2"
source = "registry+https://github.com/rust-lang/crates.io-index"
checksum = "e1c3802b169b3858a44667f221c9a0b3136e6019936ea926fc97fbad8af77202"
dependencies = [
 "strck",
 "unicode-ident",
]

[[package]]
name = "syn"
version = "2.0.66"
source = "registry+https://github.com/rust-lang/crates.io-index"
checksum = "c42f3f41a2de00b01c0aaad383c5a45241efc8b2d1eda5661812fda5f3cdcff5"
dependencies = [
 "proc-macro2",
 "quote",
 "unicode-ident",
]

[[package]]
name = "synstructure"
version = "0.13.1"
source = "registry+https://github.com/rust-lang/crates.io-index"
checksum = "c8af7666ab7b6390ab78131fb5b0fce11d6b7a6951602017c35fa82800708971"
dependencies = [
 "proc-macro2",
 "quote",
 "syn",
]

[[package]]
name = "tinystr"
version = "0.7.6"
dependencies = [
 "displaydoc",
 "zerovec",
]

[[package]]
name = "unicode-ident"
version = "1.0.12"
source = "registry+https://github.com/rust-lang/crates.io-index"
checksum = "3354b9ac3fae1ff6755cb6db53683adb661634f67557942dea4facebec0fee4b"

[[package]]
name = "unused"
version = "0.0.0"
dependencies = [
 "icu_capi",
]

[[package]]
name = "writeable"
version = "0.5.5"

[[package]]
name = "yoke"
version = "0.7.4"
dependencies = [
 "serde",
 "stable_deref_trait",
 "yoke-derive",
 "zerofrom",
]

[[package]]
name = "yoke-derive"
version = "0.7.4"
dependencies = [
 "proc-macro2",
 "quote",
 "syn",
 "synstructure",
]

[[package]]
name = "zerofrom"
version = "0.1.4"
dependencies = [
 "zerofrom-derive",
]

[[package]]
name = "zerofrom-derive"
version = "0.1.4"
dependencies = [
 "proc-macro2",
 "quote",
 "syn",
 "synstructure",
]

[[package]]
name = "zerovec"
version = "0.10.4"
dependencies = [
 "yoke",
 "zerofrom",
 "zerovec-derive",
]

[[package]]
name = "zerovec-derive"
version = "0.10.3"
dependencies = [
 "proc-macro2",
 "quote",
 "syn",
]

[[patch.unused]]
name = "bies"
version = "0.2.2"

[[patch.unused]]
name = "crlify"
version = "1.0.4"

[[patch.unused]]
name = "databake"
version = "0.1.8"

[[patch.unused]]
name = "databake-derive"
version = "0.1.8"

[[patch.unused]]
name = "deduplicating_array"
version = "0.1.6"

[[patch.unused]]
name = "fixed_decimal"
version = "0.5.6"

[[patch.unused]]
name = "icu"
version = "1.5.0"

[[patch.unused]]
name = "icu4x-datagen"
version = "1.5.0"

[[patch.unused]]
name = "icu4x_ecma402"
version = "0.8.2"

[[patch.unused]]
name = "icu_benchmark_macros"
version = "0.0.0"

[[patch.unused]]
name = "icu_calendar"
version = "1.5.0"

[[patch.unused]]
name = "icu_calendar_data"
version = "1.5.0"

[[patch.unused]]
name = "icu_casemap"
version = "1.5.0"

[[patch.unused]]
name = "icu_casemap_data"
version = "1.5.0"

[[patch.unused]]
name = "icu_codepointtrie_builder"
version = "0.3.8"

[[patch.unused]]
name = "icu_collator"
version = "1.5.0"

[[patch.unused]]
name = "icu_collator_data"
version = "1.5.0"

[[patch.unused]]
name = "icu_collections"
version = "1.5.0"

[[patch.unused]]
name = "icu_datetime"
version = "1.5.0"

[[patch.unused]]
name = "icu_datetime_data"
version = "1.5.0"

[[patch.unused]]
name = "icu_decimal"
version = "1.5.0"

[[patch.unused]]
name = "icu_decimal_data"
version = "1.5.0"

[[patch.unused]]
name = "icu_experimental"
version = "0.1.0"

[[patch.unused]]
name = "icu_experimental_data"
version = "0.1.0"

[[patch.unused]]
name = "icu_freertos"
version = "1.5.0"

[[patch.unused]]
name = "icu_harfbuzz"
version = "0.2.0"

[[patch.unused]]
name = "icu_list"
version = "1.5.0"

[[patch.unused]]
name = "icu_list_data"
version = "1.5.0"

[[patch.unused]]
name = "icu_locale_data"
version = "1.5.0"

[[patch.unused]]
name = "icu_normalizer"
version = "1.5.0"

[[patch.unused]]
name = "icu_normalizer_data"
version = "1.5.0"

[[patch.unused]]
name = "icu_pattern"
version = "0.2.0"

[[patch.unused]]
name = "icu_plurals"
version = "1.5.0"

[[patch.unused]]
name = "icu_plurals_data"
version = "1.5.0"

[[patch.unused]]
name = "icu_properties"
version = "1.5.0"

[[patch.unused]]
name = "icu_properties_data"
version = "1.5.0"

[[patch.unused]]
name = "icu_provider_baked"
version = "1.5.0"

[[patch.unused]]
name = "icu_provider_blob"
version = "1.5.0"

[[patch.unused]]
name = "icu_provider_export"
version = "1.5.0"

[[patch.unused]]
name = "icu_provider_fs"
version = "1.5.0"

[[patch.unused]]
name = "icu_provider_registry"
version = "1.5.0"

[[patch.unused]]
name = "icu_provider_source"
version = "1.5.0"

[[patch.unused]]
name = "icu_segmenter"
version = "1.5.0"

[[patch.unused]]
name = "icu_segmenter_data"
version = "1.5.0"

[[patch.unused]]
name = "icu_timezone"
version = "1.5.0"

[[patch.unused]]
name = "icu_timezone_data"
version = "1.5.0"

[[patch.unused]]
name = "ixdtf"
version = "0.2.0"

[[patch.unused]]
name = "tzif"
version = "0.2.3"

[[patch.unused]]
name = "zerotrie"
version = "0.1.3"
