{
	"name": "npm",
	"version": "1.0.0",
	"lockfileVersion": 2,
	"requires": true,
	"packages": {
		"": {
			"dependencies": {
				"icu": "file:../../ffi/npm"
			},
			"devDependencies": {
				"typescript": "^4.7.4"
			}
		},
		"../../../ffi/npm": {
			"name": "icu4x",
			"version": "0.0.1",
			"extraneous": true,
			"license": "Apache-2.0",
			"devDependencies": {
				"ava": "^5.3.1",
				"benchmark": "^2.1.4"
			}
		},
		"../../ffi/npm": {
			"name": "icu",
			"version": "2.0.5",
			"license": "Unicode-3.0",
			"devDependencies": {
				"ava": "^5.3.1",
				"benchmark": "^2.1.4"
			}
		},
		"node_modules/icu": {
			"resolved": "../../ffi/npm",
			"link": true
		},
		"node_modules/typescript": {
			"version": "4.9.5",
			"resolved": "https://registry.npmjs.org/typescript/-/typescript-4.9.5.tgz",
			"integrity": "sha512-1FXk9E2Hm+QzZQ7z+McJiHL4NW1F2EzMu9Nq9i3zAaGqibafqYwCVU6WyWAuyQRRzOlxou8xZSyXLEN8oKj24g==",
			"dev": true,
			"bin": {
				"tsc": "bin/tsc",
				"tsserver": "bin/tsserver"
			},
			"engines": {
				"node": ">=4.2.0"
			}
		}
	},
	"dependencies": {
		"icu": {
			"version": "file:../../ffi/npm",
			"requires": {
				"ava": "^5.3.1",
				"benchmark": "^2.1.4"
			}
		},
		"typescript": {
			"version": "4.9.5",
			"resolved": "https://registry.npmjs.org/typescript/-/typescript-4.9.5.tgz",
			"integrity": "sha512-1FXk9E2Hm+QzZQ7z+McJiHL4NW1F2EzMu9Nq9i3zAaGqibafqYwCVU6WyWAuyQRRzOlxou8xZSyXLEN8oKj24g==",
			"dev": true
		}
	}
}
