# This file is automatically @generated by Cargo.
# It is not intended for manual editing.
version = 3

[[package]]
name = "adler2"
version = "2.0.0"
source = "registry+https://github.com/rust-lang/crates.io-index"
checksum = "512761e0bb2578dd7380c6baaa0f4ce03e84f95e960231d1dec8bf4d7d6e2627"

[[package]]
name = "aho-corasick"
version = "1.1.3"
source = "registry+https://github.com/rust-lang/crates.io-index"
checksum = "8e60d3430d3a69478ad0993f19238d2df97c507009a52b3c10addcd7f6bcb916"
dependencies = [
 "memchr",
]

[[package]]
name = "autocfg"
version = "1.4.0"
source = "registry+https://github.com/rust-lang/crates.io-index"
checksum = "ace50bade8e6234aa140d9a2f552bbee1db4d353f69b8217bc503490fc1a9f26"

[[package]]
name = "base64"
version = "0.22.1"
source = "registry+https://github.com/rust-lang/crates.io-index"
checksum = "72b3254f16251a8381aa12e40e3c4d2f0199f8c6508fbecb9d91f575e0fbb8c6"

[[package]]
name = "bincode"
version = "1.3.3"
source = "registry+https://github.com/rust-lang/crates.io-index"
checksum = "b1f45e9417d87227c7a56d22e471c6206462cba514c7590c09aff4cf6d1ddcad"
dependencies = [
 "serde",
]

[[package]]
name = "bitflags"
version = "2.6.0"
source = "registry+https://github.com/rust-lang/crates.io-index"
checksum = "b048fb63fd8b5923fc5aa7b340d8e156aec7ec02f0c78fa8a6ddc2613f6f71de"

[[package]]
name = "bumpalo"
version = "3.16.0"
source = "registry+https://github.com/rust-lang/crates.io-index"
checksum = "79296716171880943b8470b5f8d03aa55eb2e645a4874bdbb28adb49162e012c"

[[package]]
name = "byteorder"
version = "1.5.0"
source = "registry+https://github.com/rust-lang/crates.io-index"
checksum = "1fd0f2584146f6f2ef48085050886acf353beff7305ebd1ae69500e27c67f64b"

[[package]]
name = "calendrical_calculations"
version = "0.1.2"
dependencies = [
 "core_maths",
 "displaydoc",
]

[[package]]
name = "cc"
version = "1.2.1"
source = "registry+https://github.com/rust-lang/crates.io-index"
checksum = "fd9de9f2205d5ef3fd67e685b0df337994ddd4495e2a28d185500d0e1edfea47"
dependencies = [
 "shlex",
]

[[package]]
name = "cfg-if"
version = "1.0.0"
source = "registry+https://github.com/rust-lang/crates.io-index"
checksum = "baf1de4339761588bc0619e3cbc0120ee582ebb74b53b4efbf79117bd2da40fd"

[[package]]
name = "cobs"
version = "0.2.3"
source = "registry+https://github.com/rust-lang/crates.io-index"
checksum = "67ba02a97a2bd10f4b59b25c7973101c79642302776489e030cd13cdab09ed15"

[[package]]
name = "core_maths"
version = "0.1.0"
source = "registry+https://github.com/rust-lang/crates.io-index"
checksum = "e3b02505ccb8c50b0aa21ace0fc08c3e53adebd4e58caa18a36152803c7709a3"
dependencies = [
 "libm",
]

[[package]]
name = "crc32fast"
version = "1.4.2"
source = "registry+https://github.com/rust-lang/crates.io-index"
checksum = "a97769d94ddab943e4510d138150169a2758b5ef3eb191a9ee688de3e23ef7b3"
dependencies = [
 "cfg-if",
]

[[package]]
name = "crlify"
version = "1.0.4"

[[package]]
name = "crossbeam-deque"
version = "0.8.5"
source = "registry+https://github.com/rust-lang/crates.io-index"
checksum = "613f8cc01fe9cf1a3eb3d7f488fd2fa8388403e97039e2f73692932e291a770d"
dependencies = [
 "crossbeam-epoch",
 "crossbeam-utils",
]

[[package]]
name = "crossbeam-epoch"
version = "0.9.18"
source = "registry+https://github.com/rust-lang/crates.io-index"
checksum = "5b82ac4a3c2ca9c3460964f020e1402edd5753411d7737aa39c3714ad1b5420e"
dependencies = [
 "crossbeam-utils",
]

[[package]]
name = "crossbeam-utils"
version = "0.8.20"
source = "registry+https://github.com/rust-lang/crates.io-index"
checksum = "22ec99545bb0ed0ea7bb9b8e1e9122ea386ff8a48c0922e43f36d45ab09e0e80"

[[package]]
name = "databake"
version = "0.2.0"
dependencies = [
 "databake-derive",
 "proc-macro2",
 "quote",
]

[[package]]
name = "databake-derive"
version = "0.2.0"
dependencies = [
 "proc-macro2",
 "quote",
 "syn",
 "synstructure",
]

[[package]]
name = "displaydoc"
version = "0.2.5"
source = "registry+https://github.com/rust-lang/crates.io-index"
checksum = "97369cbbc041bc366949bc74d34658d6cda5621039731c6310521892a3a20ae0"
dependencies = [
 "proc-macro2",
 "quote",
 "syn",
]

[[package]]
name = "downcast-rs"
version = "1.2.1"
source = "registry+https://github.com/rust-lang/crates.io-index"
checksum = "75b325c5dbd37f80359721ad39aca5a29fb04c89279657cffdda8736d0c0b9d2"

[[package]]
name = "either"
version = "1.13.0"
source = "registry+https://github.com/rust-lang/crates.io-index"
checksum = "60b1af1c220855b6ceac025d3f6ecdd2b7c4894bfe9cd9bda4fbb4bc7c0d4cf0"

[[package]]
name = "elsa"
version = "1.10.0"
source = "registry+https://github.com/rust-lang/crates.io-index"
checksum = "d98e71ae4df57d214182a2e5cb90230c0192c6ddfcaa05c36453d46a54713e10"
dependencies = [
 "stable_deref_trait",
]

[[package]]
name = "embedded-io"
version = "0.4.0"
source = "registry+https://github.com/rust-lang/crates.io-index"
checksum = "ef1a6892d9eef45c8fa6b9e0086428a2cca8491aca8f787c534a3d6d0bcb3ced"

[[package]]
name = "embedded-io"
version = "0.6.1"
source = "registry+https://github.com/rust-lang/crates.io-index"
checksum = "edd0f118536f44f5ccd48bcb8b111bdc3de888b58c74639dfb034a357d0f206d"

[[package]]
name = "equivalent"
version = "1.0.1"
source = "registry+https://github.com/rust-lang/crates.io-index"
checksum = "5443807d6dff69373d433ab9ef5378ad8df50ca6298caf15de6e52e24aaf54d5"

[[package]]
name = "erased-serde"
version = "0.3.31"
source = "registry+https://github.com/rust-lang/crates.io-index"
checksum = "6c138974f9d5e7fe373eb04df7cae98833802ae4b11c24ac7039a21d5af4b26c"
dependencies = [
 "serde",
]

[[package]]
name = "fixed_decimal"
version = "0.6.0"
dependencies = [
 "displaydoc",
 "smallvec",
 "writeable 0.6.0",
]

[[package]]
name = "flate2"
version = "1.0.35"
source = "registry+https://github.com/rust-lang/crates.io-index"
checksum = "c936bfdafb507ebbf50b8074c54fa31c5be9a1e7e5f467dd659697041407d07c"
dependencies = [
 "crc32fast",
 "miniz_oxide",
]

[[package]]
name = "form_urlencoded"
version = "1.2.1"
source = "registry+https://github.com/rust-lang/crates.io-index"
checksum = "e13624c2627564efccf4934284bdd98cbaa14e79b0b5a141218e507b3a823456"
dependencies = [
 "percent-encoding",
]

[[package]]
name = "getrandom"
version = "0.2.15"
source = "registry+https://github.com/rust-lang/crates.io-index"
checksum = "c4567c8db10ae91089c99af84c68c38da3ec2f087c3f82960bcdbf3656b6f4d7"
dependencies = [
 "cfg-if",
 "libc",
 "wasi",
]

[[package]]
name = "hashbrown"
version = "0.15.1"
source = "registry+https://github.com/rust-lang/crates.io-index"
checksum = "3a9bfc1af68b1726ea47d3d5109de126281def866b33970e10fbab11b5dafab3"

[[package]]
name = "heck"
version = "0.5.0"
source = "registry+https://github.com/rust-lang/crates.io-index"
checksum = "2304e00983f87ffb38b55b444b5e3b60a884b5d30c0fca7d82fe33449bbe55ea"

[[package]]
name = "icu"
version = "2.0.0-beta1"
dependencies = [
 "icu_calendar",
 "icu_casemap",
 "icu_collator",
 "icu_collections 2.0.0-beta1",
 "icu_datetime",
 "icu_decimal",
 "icu_experimental",
 "icu_list",
 "icu_locale",
 "icu_normalizer 2.0.0-beta1",
 "icu_pattern",
 "icu_plurals",
 "icu_properties 2.0.0-beta1",
 "icu_provider 2.0.0-beta1",
 "icu_provider_registry",
 "icu_segmenter",
 "icu_timezone",
 "memchr",
]

[[package]]
name = "icu_calendar"
version = "2.0.0-beta1"
dependencies = [
 "calendrical_calculations",
 "databake",
 "displaydoc",
 "icu_calendar_data",
 "icu_locale_core",
 "icu_provider 2.0.0-beta1",
 "ixdtf",
 "serde",
 "tinystr 0.8.0",
 "writeable 0.6.0",
 "zerovec 0.11.0",
]

[[package]]
name = "icu_calendar_data"
version = "2.0.0-beta1"
dependencies = [
 "icu_locale",
 "icu_provider_baked",
]

[[package]]
name = "icu_casemap"
version = "2.0.0-beta1"
dependencies = [
 "databake",
 "displaydoc",
 "icu_casemap_data",
 "icu_collections 2.0.0-beta1",
 "icu_locale_core",
 "icu_properties 2.0.0-beta1",
 "icu_provider 2.0.0-beta1",
 "potential_utf",
 "serde",
 "writeable 0.6.0",
 "zerovec 0.11.0",
]

[[package]]
name = "icu_casemap_data"
version = "2.0.0-beta1"
dependencies = [
 "icu_provider_baked",
]

[[package]]
name = "icu_codepointtrie_builder"
version = "0.4.0-dev"
dependencies = [
 "icu_collections 2.0.0-beta1",
 "wasmi",
 "wat",
 "zerovec 0.11.0",
]

[[package]]
name = "icu_collator"
version = "2.0.0-beta1"
dependencies = [
 "databake",
 "displaydoc",
 "icu_collator_data",
 "icu_collections 2.0.0-beta1",
 "icu_locale_core",
 "icu_normalizer 2.0.0-beta1",
 "icu_properties 2.0.0-beta1",
 "icu_provider 2.0.0-beta1",
 "serde",
 "smallvec",
 "utf16_iter",
 "utf8_iter",
 "zerovec 0.11.0",
]

[[package]]
name = "icu_collator_data"
version = "2.0.0-beta1"
dependencies = [
 "icu_locale",
 "icu_provider_baked",
]

[[package]]
name = "icu_collections"
version = "1.5.0"
source = "registry+https://github.com/rust-lang/crates.io-index"
checksum = "db2fa452206ebee18c4b5c2274dbf1de17008e874b4dc4f0aea9d01ca79e4526"
dependencies = [
 "displaydoc",
 "yoke",
 "zerofrom",
 "zerovec 0.10.4",
]

[[package]]
name = "icu_collections"
version = "2.0.0-beta1"
dependencies = [
 "databake",
 "displaydoc",
 "potential_utf",
 "serde",
 "yoke",
 "zerofrom",
 "zerovec 0.11.0",
]

[[package]]
name = "icu_datetime"
version = "2.0.0-beta1"
dependencies = [
 "databake",
 "displaydoc",
 "either",
 "fixed_decimal",
 "icu_calendar",
 "icu_datetime_data",
 "icu_decimal",
 "icu_locale_core",
 "icu_pattern",
 "icu_plurals",
 "icu_provider 2.0.0-beta1",
 "icu_timezone",
 "litemap",
 "potential_utf",
 "serde",
 "smallvec",
 "tinystr 0.8.0",
 "writeable 0.6.0",
 "zerovec 0.11.0",
]

[[package]]
name = "icu_datetime_data"
version = "2.0.0-beta1"
dependencies = [
 "icu_locale",
 "icu_provider_baked",
]

[[package]]
name = "icu_decimal"
version = "2.0.0-beta1"
dependencies = [
 "databake",
 "displaydoc",
 "fixed_decimal",
 "icu_decimal_data",
 "icu_provider 2.0.0-beta1",
 "serde",
 "tinystr 0.8.0",
 "writeable 0.6.0",
 "zerovec 0.11.0",
]

[[package]]
name = "icu_decimal_data"
version = "2.0.0-beta1"
dependencies = [
 "icu_locale",
 "icu_provider_baked",
]

[[package]]
name = "icu_experimental"
version = "0.2.0"
dependencies = [
 "databake",
 "displaydoc",
 "either",
 "fixed_decimal",
 "icu_collections 2.0.0-beta1",
 "icu_decimal",
 "icu_experimental_data",
 "icu_list",
 "icu_locale",
 "icu_locale_core",
 "icu_normalizer 2.0.0-beta1",
 "icu_pattern",
 "icu_plurals",
 "icu_properties 2.0.0-beta1",
 "icu_provider 2.0.0-beta1",
 "litemap",
 "log",
 "num-bigint",
 "num-rational",
 "num-traits",
 "potential_utf",
 "serde",
 "smallvec",
 "tinystr 0.8.0",
 "writeable 0.6.0",
 "zerofrom",
 "zerotrie",
 "zerovec 0.11.0",
]

[[package]]
name = "icu_experimental_data"
version = "0.2.0-dev"
dependencies = [
 "icu_locale",
 "icu_provider_baked",
]

[[package]]
name = "icu_list"
version = "2.0.0-beta1"
dependencies = [
 "databake",
 "displaydoc",
 "icu_list_data",
 "icu_provider 2.0.0-beta1",
 "regex-automata",
 "serde",
 "writeable 0.6.0",
]

[[package]]
name = "icu_list_data"
version = "2.0.0-beta1"
dependencies = [
 "icu_locale",
 "icu_provider_baked",
]

[[package]]
name = "icu_locale"
version = "2.0.0-beta1"
dependencies = [
 "databake",
 "displaydoc",
 "icu_collections 2.0.0-beta1",
 "icu_locale_core",
 "icu_locale_data",
 "icu_provider 2.0.0-beta1",
 "potential_utf",
 "serde",
 "tinystr 0.8.0",
 "zerovec 0.11.0",
]

[[package]]
name = "icu_locale_core"
version = "2.0.0-beta1"
dependencies = [
 "databake",
 "displaydoc",
 "litemap",
 "serde",
 "tinystr 0.8.0",
 "writeable 0.6.0",
 "zerovec 0.11.0",
]

[[package]]
name = "icu_locale_data"
version = "2.0.0-beta1"
dependencies = [
 "icu_provider_baked",
]

[[package]]
name = "icu_locid"
version = "1.5.0"
source = "registry+https://github.com/rust-lang/crates.io-index"
checksum = "13acbb8371917fc971be86fc8057c41a64b521c184808a698c02acc242dbf637"
dependencies = [
 "displaydoc",
 "litemap",
 "tinystr 0.7.6",
 "writeable 0.5.5",
 "zerovec 0.10.4",
]

[[package]]
name = "icu_locid_transform"
version = "1.5.0"
source = "registry+https://github.com/rust-lang/crates.io-index"
checksum = "01d11ac35de8e40fdeda00d9e1e9d92525f3f9d887cdd7aa81d727596788b54e"
dependencies = [
 "displaydoc",
 "icu_locid",
 "icu_locid_transform_data",
 "icu_provider 1.5.0",
 "tinystr 0.7.6",
 "zerovec 0.10.4",
]

[[package]]
name = "icu_locid_transform_data"
version = "1.5.0"
source = "registry+https://github.com/rust-lang/crates.io-index"
checksum = "fdc8ff3388f852bede6b579ad4e978ab004f139284d7b28715f773507b946f6e"

[[package]]
name = "icu_normalizer"
version = "1.5.0"
source = "registry+https://github.com/rust-lang/crates.io-index"
checksum = "19ce3e0da2ec68599d193c93d088142efd7f9c5d6fc9b803774855747dc6a84f"
dependencies = [
 "displaydoc",
 "icu_collections 1.5.0",
 "icu_normalizer_data 1.5.0",
 "icu_properties 1.5.1",
 "icu_provider 1.5.0",
 "smallvec",
 "utf16_iter",
 "utf8_iter",
 "write16",
 "zerovec 0.10.4",
]

[[package]]
name = "icu_normalizer"
version = "2.0.0-beta1"
dependencies = [
 "databake",
 "displaydoc",
 "icu_collections 2.0.0-beta1",
 "icu_normalizer_data 2.0.0-beta1",
 "icu_properties 2.0.0-beta1",
 "icu_provider 2.0.0-beta1",
 "serde",
 "smallvec",
 "utf16_iter",
 "utf8_iter",
 "write16",
 "zerovec 0.11.0",
]

[[package]]
name = "icu_normalizer_data"
version = "1.5.0"
source = "registry+https://github.com/rust-lang/crates.io-index"
checksum = "f8cafbf7aa791e9b22bec55a167906f9e1215fd475cd22adfcf660e03e989516"

[[package]]
name = "icu_normalizer_data"
version = "2.0.0-beta1"
dependencies = [
 "icu_provider_baked",
]

[[package]]
name = "icu_pattern"
version = "0.3.0"
dependencies = [
 "databake",
 "displaydoc",
 "either",
 "serde",
 "writeable 0.6.0",
 "yoke",
 "zerovec 0.11.0",
]

[[package]]
name = "icu_plurals"
version = "2.0.0-beta1"
dependencies = [
 "databake",
 "displaydoc",
 "fixed_decimal",
 "icu_plurals_data",
 "icu_provider 2.0.0-beta1",
 "serde",
 "zerovec 0.11.0",
]

[[package]]
name = "icu_plurals_data"
version = "2.0.0-beta1"
dependencies = [
 "icu_locale",
 "icu_provider_baked",
]

[[package]]
name = "icu_properties"
version = "1.5.1"
source = "registry+https://github.com/rust-lang/crates.io-index"
checksum = "93d6020766cfc6302c15dbbc9c8778c37e62c14427cb7f6e601d849e092aeef5"
dependencies = [
 "displaydoc",
 "icu_collections 1.5.0",
 "icu_locid_transform",
 "icu_properties_data 1.5.0",
 "icu_provider 1.5.0",
 "tinystr 0.7.6",
 "zerovec 0.10.4",
]

[[package]]
name = "icu_properties"
version = "2.0.0-beta1"
dependencies = [
 "databake",
 "displaydoc",
 "icu_collections 2.0.0-beta1",
 "icu_locale_core",
 "icu_properties_data 2.0.0-beta1",
 "icu_provider 2.0.0-beta1",
 "potential_utf",
 "serde",
 "zerotrie",
 "zerovec 0.11.0",
]

[[package]]
name = "icu_properties_data"
version = "1.5.0"
source = "registry+https://github.com/rust-lang/crates.io-index"
checksum = "67a8effbc3dd3e4ba1afa8ad918d5684b8868b3b26500753effea8d2eed19569"

[[package]]
name = "icu_properties_data"
version = "2.0.0-beta1"
dependencies = [
 "icu_provider_baked",
]

[[package]]
name = "icu_provider"
version = "1.5.0"
source = "registry+https://github.com/rust-lang/crates.io-index"
checksum = "6ed421c8a8ef78d3e2dbc98a973be2f3770cb42b606e3ab18d6237c4dfde68d9"
dependencies = [
 "displaydoc",
 "icu_locid",
 "icu_provider_macros 1.5.0",
 "stable_deref_trait",
 "tinystr 0.7.6",
 "writeable 0.5.5",
 "yoke",
 "zerofrom",
 "zerovec 0.10.4",
]

[[package]]
name = "icu_provider"
version = "2.0.0-beta1"
dependencies = [
 "bincode",
 "databake",
 "displaydoc",
 "erased-serde",
 "icu_locale_core",
 "icu_provider_macros 2.0.0-beta1",
 "log",
 "postcard",
 "serde",
 "serde_json",
 "stable_deref_trait",
 "tinystr 0.8.0",
 "writeable 0.6.0",
 "yoke",
 "zerofrom",
 "zerovec 0.11.0",
]

[[package]]
name = "icu_provider_adapters"
version = "2.0.0-beta1"
dependencies = [
 "icu_locale",
 "icu_provider 2.0.0-beta1",
 "tinystr 0.8.0",
 "zerovec 0.11.0",
]

[[package]]
name = "icu_provider_baked"
version = "2.0.0-beta1"
dependencies = [
 "crlify",
 "databake",
 "heck",
 "icu_provider 2.0.0-beta1",
 "icu_provider_registry",
 "log",
 "proc-macro2",
 "writeable 0.6.0",
 "zerotrie",
]

[[package]]
name = "icu_provider_blob"
version = "2.0.0-beta1"
dependencies = [
 "icu_provider 2.0.0-beta1",
 "log",
 "postcard",
 "serde",
 "writeable 0.6.0",
 "zerotrie",
 "zerovec 0.11.0",
]

[[package]]
name = "icu_provider_export"
version = "2.0.0-beta1"
dependencies = [
 "displaydoc",
 "icu_locale",
 "icu_provider 2.0.0-beta1",
 "icu_provider_baked",
 "icu_provider_blob",
 "icu_provider_fs",
 "log",
 "rayon",
 "writeable 0.6.0",
]

[[package]]
name = "icu_provider_fs"
version = "2.0.0-beta1"
dependencies = [
 "bincode",
 "crlify",
 "displaydoc",
 "icu_provider 2.0.0-beta1",
 "log",
 "postcard",
 "serde",
 "serde-json-core",
 "serde_json",
]

[[package]]
name = "icu_provider_macros"
version = "1.5.0"
source = "registry+https://github.com/rust-lang/crates.io-index"
checksum = "1ec89e9337638ecdc08744df490b221a7399bf8d164eb52a665454e60e075ad6"
dependencies = [
 "proc-macro2",
 "quote",
 "syn",
]

[[package]]
name = "icu_provider_macros"
version = "2.0.0-beta1"
dependencies = [
 "proc-macro2",
 "quote",
 "syn",
]

[[package]]
name = "icu_provider_registry"
version = "2.0.0-beta1"

[[package]]
name = "icu_provider_source"
version = "2.0.0-beta1"
dependencies = [
 "calendrical_calculations",
 "displaydoc",
 "either",
 "elsa",
 "icu",
 "icu_codepointtrie_builder",
 "icu_collections 2.0.0-beta1",
 "icu_pattern",
 "icu_provider 2.0.0-beta1",
 "icu_provider_adapters",
 "icu_provider_registry",
 "itertools",
 "litemap",
 "log",
 "ndarray",
 "parse-zoneinfo",
 "potential_utf",
 "serde",
 "serde-aux",
 "serde_json",
 "tinystr 0.8.0",
 "toml",
 "twox-hash",
 "ureq",
 "writeable 0.6.0",
 "zerotrie",
 "zerovec 0.11.0",
 "zip",
]

[[package]]
name = "icu_segmenter"
version = "2.0.0-beta1"
dependencies = [
 "core_maths",
 "databake",
 "displaydoc",
 "icu_collections 2.0.0-beta1",
 "icu_locale_core",
 "icu_provider 2.0.0-beta1",
 "icu_segmenter_data",
 "potential_utf",
 "serde",
 "utf8_iter",
 "zerovec 0.11.0",
]

[[package]]
name = "icu_segmenter_data"
version = "2.0.0-beta1"
dependencies = [
 "icu_locale",
 "icu_provider_baked",
]

[[package]]
name = "icu_timezone"
version = "2.0.0-beta1"
dependencies = [
 "calendrical_calculations",
 "databake",
 "displaydoc",
 "icu_calendar",
 "icu_provider 2.0.0-beta1",
 "icu_timezone_data",
 "ixdtf",
 "serde",
 "tinystr 0.8.0",
 "zerotrie",
 "zerovec 0.11.0",
]

[[package]]
name = "icu_timezone_data"
version = "2.0.0-beta1"
dependencies = [
 "icu_provider_baked",
]

[[package]]
name = "idna"
version = "1.0.3"
source = "registry+https://github.com/rust-lang/crates.io-index"
checksum = "686f825264d630750a544639377bae737628043f20d38bbc029e8f29ea968a7e"
dependencies = [
 "idna_adapter",
 "smallvec",
 "utf8_iter",
]

[[package]]
name = "idna_adapter"
version = "1.2.0"
source = "registry+https://github.com/rust-lang/crates.io-index"
checksum = "daca1df1c957320b2cf139ac61e7bd64fed304c5040df000a745aa1de3b4ef71"
dependencies = [
 "icu_normalizer 1.5.0",
 "icu_properties 1.5.1",
]

[[package]]
name = "indexmap"
version = "2.6.0"
source = "registry+https://github.com/rust-lang/crates.io-index"
checksum = "707907fe3c25f5424cce2cb7e1cbcafee6bdbe735ca90ef77c29e84591e5b9da"
dependencies = [
 "equivalent",
 "hashbrown",
]

[[package]]
name = "indexmap-nostd"
version = "0.4.0"
source = "registry+https://github.com/rust-lang/crates.io-index"
checksum = "8e04e2fd2b8188ea827b32ef11de88377086d690286ab35747ef7f9bf3ccb590"

[[package]]
name = "itertools"
version = "0.10.5"
source = "registry+https://github.com/rust-lang/crates.io-index"
checksum = "b0fd2260e829bddf4cb6ea802289de2f86d6a7a690192fbe91b3f46e0f2c8473"
dependencies = [
 "either",
]

[[package]]
name = "itoa"
version = "1.0.13"
source = "registry+https://github.com/rust-lang/crates.io-index"
checksum = "540654e97a3f4470a492cd30ff187bc95d89557a903a2bbf112e2fae98104ef2"

[[package]]
name = "ixdtf"
version = "0.3.0"
dependencies = [
 "displaydoc",
 "utf8_iter",
]

[[package]]
name = "leb128"
version = "0.2.5"
source = "registry+https://github.com/rust-lang/crates.io-index"
checksum = "884e2677b40cc8c339eaefcb701c32ef1fd2493d71118dc0ca4b6a736c93bd67"

[[package]]
name = "libc"
version = "0.2.164"
source = "registry+https://github.com/rust-lang/crates.io-index"
checksum = "433bfe06b8c75da9b2e3fbea6e5329ff87748f0b144ef75306e674c3f6f7c13f"

[[package]]
name = "libm"
version = "0.2.11"
source = "registry+https://github.com/rust-lang/crates.io-index"
checksum = "8355be11b20d696c8f18f6cc018c4e372165b1fa8126cef092399c9951984ffa"

[[package]]
name = "litemap"
version = "0.7.4"
dependencies = [
 "serde",
]

[[package]]
name = "log"
version = "0.4.22"
source = "registry+https://github.com/rust-lang/crates.io-index"
checksum = "a7a70ba024b9dc04c27ea2f0c0548feb474ec5c54bba33a7f72f873a39d07b24"

[[package]]
name = "matrixmultiply"
version = "0.3.9"
source = "registry+https://github.com/rust-lang/crates.io-index"
checksum = "9380b911e3e96d10c1f415da0876389aaf1b56759054eeb0de7df940c456ba1a"
dependencies = [
 "autocfg",
 "rawpointer",
]

[[package]]
name = "memchr"
version = "2.7.4"
source = "registry+https://github.com/rust-lang/crates.io-index"
checksum = "78ca9ab1a0babb1e7d5695e3530886289c18cf2f87ec19a575a0abdce112e3a3"

[[package]]
name = "miniz_oxide"
version = "0.8.0"
source = "registry+https://github.com/rust-lang/crates.io-index"
checksum = "e2d80299ef12ff69b16a84bb182e3b9df68b5a91574d3d4fa6e41b65deec4df1"
dependencies = [
 "adler2",
]

[[package]]
name = "ndarray"
version = "0.15.6"
source = "registry+https://github.com/rust-lang/crates.io-index"
checksum = "adb12d4e967ec485a5f71c6311fe28158e9d6f4bc4a447b474184d0f91a8fa32"
dependencies = [
 "matrixmultiply",
 "num-complex",
 "num-integer",
 "num-traits",
 "rawpointer",
]

[[package]]
name = "num-bigint"
version = "0.4.6"
source = "registry+https://github.com/rust-lang/crates.io-index"
checksum = "a5e44f723f1133c9deac646763579fdb3ac745e418f2a7af9cd0c431da1f20b9"
dependencies = [
 "num-integer",
 "num-traits",
]

[[package]]
name = "num-complex"
version = "0.4.6"
source = "registry+https://github.com/rust-lang/crates.io-index"
checksum = "73f88a1307638156682bada9d7604135552957b7818057dcef22705b4d509495"
dependencies = [
 "num-traits",
]

[[package]]
name = "num-integer"
version = "0.1.46"
source = "registry+https://github.com/rust-lang/crates.io-index"
checksum = "7969661fd2958a5cb096e56c8e1ad0444ac2bbcd0061bd28660485a44879858f"
dependencies = [
 "num-traits",
]

[[package]]
name = "num-rational"
version = "0.4.2"
source = "registry+https://github.com/rust-lang/crates.io-index"
checksum = "f83d14da390562dca69fc84082e73e548e1ad308d24accdedd2720017cb37824"
dependencies = [
 "num-bigint",
 "num-integer",
 "num-traits",
]

[[package]]
name = "num-traits"
version = "0.2.19"
source = "registry+https://github.com/rust-lang/crates.io-index"
checksum = "071dfc062690e90b734c0b2273ce72ad0ffa95f0c74596bc250dcfd960262841"
dependencies = [
 "autocfg",
]

[[package]]
name = "once_cell"
version = "1.20.2"
source = "registry+https://github.com/rust-lang/crates.io-index"
checksum = "1261fe7e33c73b354eab43b1273a57c8f967d0391e80353e51f764ac02cf6775"

[[package]]
name = "parse-zoneinfo"
version = "0.3.1"
source = "registry+https://github.com/rust-lang/crates.io-index"
checksum = "1f2a05b18d44e2957b88f96ba460715e295bc1d7510468a2f3d3b44535d26c24"
dependencies = [
 "regex",
]

[[package]]
name = "paste"
version = "1.0.15"
source = "registry+https://github.com/rust-lang/crates.io-index"
checksum = "57c0d7b74b563b49d38dae00a0c37d4d6de9b432382b2892f0574ddcae73fd0a"

[[package]]
name = "percent-encoding"
version = "2.3.1"
source = "registry+https://github.com/rust-lang/crates.io-index"
checksum = "e3148f5046208a5d56bcfc03053e3ca6334e51da8dfb19b6cdc8b306fae3283e"

[[package]]
name = "postcard"
version = "1.0.10"
source = "registry+https://github.com/rust-lang/crates.io-index"
checksum = "5f7f0a8d620d71c457dd1d47df76bb18960378da56af4527aaa10f515eee732e"
dependencies = [
 "cobs",
 "embedded-io 0.4.0",
 "embedded-io 0.6.1",
 "serde",
]

[[package]]
name = "potential_utf"
version = "0.1.0"
dependencies = [
 "databake",
 "serde",
 "zerovec 0.11.0",
]

[[package]]
name = "proc-macro2"
version = "1.0.92"
source = "registry+https://github.com/rust-lang/crates.io-index"
checksum = "37d3544b3f2748c54e147655edb5025752e2303145b5aefb3c3ea2c78b973bb0"
dependencies = [
 "unicode-ident",
]

[[package]]
name = "quote"
version = "1.0.37"
source = "registry+https://github.com/rust-lang/crates.io-index"
checksum = "b5b9d34b8991d19d98081b46eacdd8eb58c6f2b201139f7c5f643cc155a633af"
dependencies = [
 "proc-macro2",
]

[[package]]
name = "rawpointer"
version = "0.2.1"
source = "registry+https://github.com/rust-lang/crates.io-index"
checksum = "60a357793950651c4ed0f3f52338f53b2f809f32d83a07f72909fa13e4c6c1e3"

[[package]]
name = "rayon"
version = "1.10.0"
source = "registry+https://github.com/rust-lang/crates.io-index"
checksum = "b418a60154510ca1a002a752ca9714984e21e4241e804d32555251faf8b78ffa"
dependencies = [
 "either",
 "rayon-core",
]

[[package]]
name = "rayon-core"
version = "1.12.1"
source = "registry+https://github.com/rust-lang/crates.io-index"
checksum = "1465873a3dfdaa8ae7cb14b4383657caab0b3e8a0aa9ae8e04b044854c8dfce2"
dependencies = [
 "crossbeam-deque",
 "crossbeam-utils",
]

[[package]]
name = "regex"
version = "1.11.1"
source = "registry+https://github.com/rust-lang/crates.io-index"
checksum = "b544ef1b4eac5dc2db33ea63606ae9ffcfac26c1416a2806ae0bf5f56b201191"
dependencies = [
 "aho-corasick",
 "memchr",
 "regex-automata",
 "regex-syntax",
]

[[package]]
name = "regex-automata"
version = "0.4.9"
source = "registry+https://github.com/rust-lang/crates.io-index"
checksum = "809e8dc61f6de73b46c85f4c96486310fe304c434cfa43669d7b40f711150908"
dependencies = [
 "aho-corasick",
 "memchr",
 "regex-syntax",
]

[[package]]
name = "regex-syntax"
version = "0.8.5"
source = "registry+https://github.com/rust-lang/crates.io-index"
checksum = "2b15c43186be67a4fd63bee50d0303afffcef381492ebe2c5d87f324e1b8815c"

[[package]]
name = "ring"
version = "0.17.8"
source = "registry+https://github.com/rust-lang/crates.io-index"
checksum = "c17fa4cb658e3583423e915b9f3acc01cceaee1860e33d59ebae66adc3a2dc0d"
dependencies = [
 "cc",
 "cfg-if",
 "getrandom",
 "libc",
 "spin",
 "untrusted",
 "windows-sys",
]

[[package]]
name = "rustls"
version = "0.23.18"
source = "registry+https://github.com/rust-lang/crates.io-index"
checksum = "9c9cc1d47e243d655ace55ed38201c19ae02c148ae56412ab8750e8f0166ab7f"
dependencies = [
 "log",
 "once_cell",
 "ring",
 "rustls-pki-types",
 "rustls-webpki",
 "subtle",
 "zeroize",
]

[[package]]
name = "rustls-pki-types"
version = "1.10.0"
source = "registry+https://github.com/rust-lang/crates.io-index"
checksum = "16f1201b3c9a7ee8039bcadc17b7e605e2945b27eee7631788c1bd2b0643674b"

[[package]]
name = "rustls-webpki"
version = "0.102.8"
source = "registry+https://github.com/rust-lang/crates.io-index"
checksum = "64ca1bc8749bd4cf37b5ce386cc146580777b4e8572c7b97baf22c83f444bee9"
dependencies = [
 "ring",
 "rustls-pki-types",
 "untrusted",
]

[[package]]
name = "ryu"
version = "1.0.18"
source = "registry+https://github.com/rust-lang/crates.io-index"
checksum = "f3cb5ba0dc43242ce17de99c180e96db90b235b8a9fdc9543c96d2209116bd9f"

[[package]]
name = "serde"
version = "1.0.215"
source = "registry+https://github.com/rust-lang/crates.io-index"
checksum = "6513c1ad0b11a9376da888e3e0baa0077f1aed55c17f50e7b2397136129fb88f"
dependencies = [
 "serde_derive",
]

[[package]]
name = "serde-aux"
version = "4.5.0"
source = "registry+https://github.com/rust-lang/crates.io-index"
checksum = "0d2e8bfba469d06512e11e3311d4d051a4a387a5b42d010404fecf3200321c95"
dependencies = [
 "serde",
 "serde_json",
]

[[package]]
name = "serde-json-core"
version = "0.4.0"
source = "registry+https://github.com/rust-lang/crates.io-index"
checksum = "8014aeea272bca0f0779778d43253f2f3375b414185b30e6ecc4d3e4a9994781"
dependencies = [
 "ryu",
 "serde",
]

[[package]]
name = "serde_derive"
version = "1.0.215"
source = "registry+https://github.com/rust-lang/crates.io-index"
checksum = "ad1e866f866923f252f05c889987993144fb74e722403468a4ebd70c3cd756c0"
dependencies = [
 "proc-macro2",
 "quote",
 "syn",
]

[[package]]
name = "serde_json"
version = "1.0.133"
source = "registry+https://github.com/rust-lang/crates.io-index"
checksum = "c7fceb2473b9166b2294ef05efcb65a3db80803f0b03ef86a5fc88a2b85ee377"
dependencies = [
 "itoa",
 "memchr",
 "ryu",
 "serde",
]

[[package]]
name = "shlex"
version = "1.3.0"
source = "registry+https://github.com/rust-lang/crates.io-index"
checksum = "0fda2ff0d084019ba4d7c6f371c95d8fd75ce3524c3cb8fb653a3023f6323e64"

[[package]]
name = "smallvec"
version = "1.13.2"
source = "registry+https://github.com/rust-lang/crates.io-index"
checksum = "3c5e1a9a646d36c3599cd173a41282daf47c44583ad367b8e6837255952e5c67"
dependencies = [
 "serde",
]

[[package]]
name = "spin"
version = "0.9.8"
source = "registry+https://github.com/rust-lang/crates.io-index"
checksum = "6980e8d7511241f8acf4aebddbb1ff938df5eebe98691418c4468d0b72a96a67"

[[package]]
name = "stable_deref_trait"
version = "1.2.0"
source = "registry+https://github.com/rust-lang/crates.io-index"
checksum = "a8f112729512f8e442d81f95a8a7ddf2b7c6b8a1a6f509a95864142b30cab2d3"

[[package]]
name = "static_assertions"
version = "1.1.0"
source = "registry+https://github.com/rust-lang/crates.io-index"
checksum = "a2eb9349b6444b326872e140eb1cf5e7c522154d69e7a0ffb0fb81c06b37543f"

[[package]]
name = "subtle"
version = "2.6.1"
source = "registry+https://github.com/rust-lang/crates.io-index"
checksum = "13c2bddecc57b384dee18652358fb23172facb8a2c51ccc10d74c157bdea3292"

[[package]]
name = "syn"
version = "2.0.89"
source = "registry+https://github.com/rust-lang/crates.io-index"
checksum = "44d46482f1c1c87acd84dea20c1bf5ebff4c757009ed6bf19cfd36fb10e92c4e"
dependencies = [
 "proc-macro2",
 "quote",
 "unicode-ident",
]

[[package]]
name = "synstructure"
version = "0.13.1"
source = "registry+https://github.com/rust-lang/crates.io-index"
checksum = "c8af7666ab7b6390ab78131fb5b0fce11d6b7a6951602017c35fa82800708971"
dependencies = [
 "proc-macro2",
 "quote",
 "syn",
]

[[package]]
name = "tinystr"
version = "0.7.6"
source = "registry+https://github.com/rust-lang/crates.io-index"
checksum = "9117f5d4db391c1cf6927e7bea3db74b9a1c1add8f7eda9ffd5364f40f57b82f"
dependencies = [
 "displaydoc",
 "zerovec 0.10.4",
]

[[package]]
name = "tinystr"
version = "0.8.0"
dependencies = [
 "databake",
 "displaydoc",
 "serde",
 "zerovec 0.11.0",
]

[[package]]
name = "toml"
version = "0.5.11"
source = "registry+https://github.com/rust-lang/crates.io-index"
checksum = "f4f7f0dd8d50a853a531c426359045b1998f04219d88799810762cd4ad314234"
dependencies = [
 "serde",
]

[[package]]
name = "tutorial_baked"
version = "0.0.0"
dependencies = [
 "icu",
 "icu_provider 2.0.0-beta1",
 "icu_provider_baked",
 "icu_provider_export",
 "icu_provider_source",
 "zerovec 0.11.0",
]

[[package]]
name = "twox-hash"
version = "1.6.3"
source = "registry+https://github.com/rust-lang/crates.io-index"
checksum = "97fee6b57c6a41524a810daee9286c02d7752c4253064d0b05472833a438f675"
dependencies = [
 "cfg-if",
 "static_assertions",
]

[[package]]
name = "unicode-ident"
version = "1.0.14"
source = "registry+https://github.com/rust-lang/crates.io-index"
checksum = "adb9e6ca4f869e1180728b7950e35922a7fc6397f7b641499e8f3ef06e50dc83"

[[package]]
name = "unicode-width"
version = "0.2.0"
source = "registry+https://github.com/rust-lang/crates.io-index"
checksum = "1fc81956842c57dac11422a97c3b8195a1ff727f06e85c84ed2e8aa277c9a0fd"

[[package]]
name = "untrusted"
version = "0.9.0"
source = "registry+https://github.com/rust-lang/crates.io-index"
checksum = "8ecb6da28b8a351d773b68d5825ac39017e680750f980f3a1a85cd8dd28a47c1"

[[package]]
name = "ureq"
version = "2.10.1"
source = "registry+https://github.com/rust-lang/crates.io-index"
checksum = "b74fc6b57825be3373f7054754755f03ac3a8f5d70015ccad699ba2029956f4a"
dependencies = [
 "base64",
 "flate2",
 "log",
 "once_cell",
 "rustls",
 "rustls-pki-types",
 "url",
 "webpki-roots",
]

[[package]]
name = "url"
version = "2.5.4"
source = "registry+https://github.com/rust-lang/crates.io-index"
checksum = "32f8b686cadd1473f4bd0117a5d28d36b1ade384ea9b5069a1c40aefed7fda60"
dependencies = [
 "form_urlencoded",
 "idna",
 "percent-encoding",
]

[[package]]
name = "utf16_iter"
version = "1.0.5"
source = "registry+https://github.com/rust-lang/crates.io-index"
checksum = "c8232dd3cdaed5356e0f716d285e4b40b932ac434100fe9b7e0e8e935b9e6246"

[[package]]
name = "utf8_iter"
version = "1.0.4"
source = "registry+https://github.com/rust-lang/crates.io-index"
checksum = "b6c140620e7ffbb22c2dee59cafe6084a59b5ffc27a8859a5f0d494b5d52b6be"

[[package]]
name = "wasi"
version = "0.11.0+wasi-snapshot-preview1"
source = "registry+https://github.com/rust-lang/crates.io-index"
checksum = "9c8d87e72b64a3b4db28d11ce29237c246188f4f51057d65a7eab63b7987e423"

[[package]]
name = "wasm-encoder"
version = "0.220.0"
source = "registry+https://github.com/rust-lang/crates.io-index"
checksum = "ebf48234b389415b226a4daef6562933d38c7b28a8b8f64c5c4130dad1561ab7"
dependencies = [
 "leb128",
 "wasmparser",
]

[[package]]
name = "wasmi"
version = "0.31.2"
source = "registry+https://github.com/rust-lang/crates.io-index"
checksum = "77a8281d1d660cdf54c76a3efa9ddd0c270cada1383a995db3ccb43d166456c7"
dependencies = [
 "smallvec",
 "spin",
 "wasmi_arena",
 "wasmi_core",
 "wasmparser-nostd",
]

[[package]]
name = "wasmi_arena"
version = "0.4.1"
source = "registry+https://github.com/rust-lang/crates.io-index"
checksum = "104a7f73be44570cac297b3035d76b169d6599637631cf37a1703326a0727073"

[[package]]
name = "wasmi_core"
version = "0.13.0"
source = "registry+https://github.com/rust-lang/crates.io-index"
checksum = "dcf1a7db34bff95b85c261002720c00c3a6168256dcb93041d3fa2054d19856a"
dependencies = [
 "downcast-rs",
 "libm",
 "num-traits",
 "paste",
]

[[package]]
name = "wasmparser"
version = "0.220.0"
source = "registry+https://github.com/rust-lang/crates.io-index"
checksum = "e246c2772ce3ebc83f89a2d4487ac5794cad6c309b2071818a88c7db7c36d87b"
dependencies = [
 "bitflags",
 "indexmap",
]

[[package]]
name = "wasmparser-nostd"
version = "0.100.2"
source = "registry+https://github.com/rust-lang/crates.io-index"
checksum = "d5a015fe95f3504a94bb1462c717aae75253e39b9dd6c3fb1062c934535c64aa"
dependencies = [
 "indexmap-nostd",
]

[[package]]
name = "wast"
version = "220.0.0"
source = "registry+https://github.com/rust-lang/crates.io-index"
checksum = "4e708c8de08751fd66e70961a32bae9d71901f14a70871e181cb8461a3bb3165"
dependencies = [
 "bumpalo",
 "leb128",
 "memchr",
 "unicode-width",
 "wasm-encoder",
]

[[package]]
name = "wat"
version = "1.220.0"
source = "registry+https://github.com/rust-lang/crates.io-index"
checksum = "de4f1d7d59614ba690541360102b995c4eb1b9ed373701d5102cc1a968b1c5a3"
dependencies = [
 "wast",
]

[[package]]
name = "webpki-roots"
version = "0.26.7"
source = "registry+https://github.com/rust-lang/crates.io-index"
checksum = "5d642ff16b7e79272ae451b7322067cdc17cadf68c23264be9d94a32319efe7e"
dependencies = [
 "rustls-pki-types",
]

[[package]]
name = "windows-sys"
version = "0.52.0"
source = "registry+https://github.com/rust-lang/crates.io-index"
checksum = "282be5f36a8ce781fad8c8ae18fa3f9beff57ec1b52cb3de0789201425d9a33d"
dependencies = [
 "windows-targets",
]

[[package]]
name = "windows-targets"
version = "0.52.6"
source = "registry+https://github.com/rust-lang/crates.io-index"
checksum = "9b724f72796e036ab90c1021d4780d4d3d648aca59e491e6b98e725b84e99973"
dependencies = [
 "windows_aarch64_gnullvm",
 "windows_aarch64_msvc",
 "windows_i686_gnu",
 "windows_i686_gnullvm",
 "windows_i686_msvc",
 "windows_x86_64_gnu",
 "windows_x86_64_gnullvm",
 "windows_x86_64_msvc",
]

[[package]]
name = "windows_aarch64_gnullvm"
version = "0.52.6"
source = "registry+https://github.com/rust-lang/crates.io-index"
checksum = "32a4622180e7a0ec044bb555404c800bc9fd9ec262ec147edd5989ccd0c02cd3"

[[package]]
name = "windows_aarch64_msvc"
version = "0.52.6"
source = "registry+https://github.com/rust-lang/crates.io-index"
checksum = "09ec2a7bb152e2252b53fa7803150007879548bc709c039df7627cabbd05d469"

[[package]]
name = "windows_i686_gnu"
version = "0.52.6"
source = "registry+https://github.com/rust-lang/crates.io-index"
checksum = "8e9b5ad5ab802e97eb8e295ac6720e509ee4c243f69d781394014ebfe8bbfa0b"

[[package]]
name = "windows_i686_gnullvm"
version = "0.52.6"
source = "registry+https://github.com/rust-lang/crates.io-index"
checksum = "0eee52d38c090b3caa76c563b86c3a4bd71ef1a819287c19d586d7334ae8ed66"

[[package]]
name = "windows_i686_msvc"
version = "0.52.6"
source = "registry+https://github.com/rust-lang/crates.io-index"
checksum = "240948bc05c5e7c6dabba28bf89d89ffce3e303022809e73deaefe4f6ec56c66"

[[package]]
name = "windows_x86_64_gnu"
version = "0.52.6"
source = "registry+https://github.com/rust-lang/crates.io-index"
checksum = "147a5c80aabfbf0c7d901cb5895d1de30ef2907eb21fbbab29ca94c5b08b1a78"

[[package]]
name = "windows_x86_64_gnullvm"
version = "0.52.6"
source = "registry+https://github.com/rust-lang/crates.io-index"
checksum = "24d5b23dc417412679681396f2b49f3de8c1473deb516bd34410872eff51ed0d"

[[package]]
name = "windows_x86_64_msvc"
version = "0.52.6"
source = "registry+https://github.com/rust-lang/crates.io-index"
checksum = "589f6da84c646204747d1270a2a5661ea66ed1cced2631d546fdfb155959f9ec"

[[package]]
name = "write16"
version = "1.0.0"
source = "registry+https://github.com/rust-lang/crates.io-index"
checksum = "d1890f4022759daae28ed4fe62859b1236caebfc61ede2f63ed4e695f3f6d936"

[[package]]
name = "writeable"
version = "0.5.5"
source = "registry+https://github.com/rust-lang/crates.io-index"
checksum = "1e9df38ee2d2c3c5948ea468a8406ff0db0b29ae1ffde1bcf20ef305bcc95c51"

[[package]]
name = "writeable"
version = "0.6.0"
dependencies = [
 "either",
]

[[package]]
name = "yoke"
version = "0.7.5"
dependencies = [
 "serde",
 "stable_deref_trait",
 "yoke-derive",
 "zerofrom",
]

[[package]]
name = "yoke-derive"
version = "0.7.5"
dependencies = [
 "proc-macro2",
 "quote",
 "syn",
 "synstructure",
]

[[package]]
name = "zerofrom"
version = "0.1.5"
dependencies = [
 "zerofrom-derive",
]

[[package]]
name = "zerofrom-derive"
version = "0.1.5"
dependencies = [
 "proc-macro2",
 "quote",
 "syn",
 "synstructure",
]

[[package]]
name = "zeroize"
version = "1.8.1"
source = "registry+https://github.com/rust-lang/crates.io-index"
checksum = "ced3678a2879b30306d323f4542626697a464a97c0a07c9aebf7ebca65cd4dde"

[[package]]
name = "zerotrie"
version = "0.2.0"
dependencies = [
 "databake",
 "displaydoc",
 "litemap",
 "serde",
 "yoke",
 "zerofrom",
 "zerovec 0.11.0",
]

[[package]]
name = "zerovec"
version = "0.10.4"
source = "registry+https://github.com/rust-lang/crates.io-index"
checksum = "aa2b893d79df23bfb12d5461018d408ea19dfafe76c2c7ef6d4eba614f8ff079"
dependencies = [
 "yoke",
 "zerofrom",
 "zerovec-derive 0.10.3",
]

[[package]]
name = "zerovec"
version = "0.11.0"
dependencies = [
 "databake",
 "serde",
 "yoke",
 "zerofrom",
 "zerovec-derive 0.11.0",
]

[[package]]
name = "zerovec-derive"
version = "0.10.3"
source = "registry+https://github.com/rust-lang/crates.io-index"
checksum = "6eafa6dfb17584ea3e2bd6e76e0cc15ad7af12b09abdd1ca55961bed9b1063c6"
dependencies = [
 "proc-macro2",
 "quote",
 "syn",
]

[[package]]
name = "zerovec-derive"
version = "0.11.0"
dependencies = [
 "proc-macro2",
 "quote",
 "syn",
]

[[package]]
name = "zip"
version = "0.6.6"
source = "registry+https://github.com/rust-lang/crates.io-index"
checksum = "760394e246e4c28189f19d488c058bf16f564016aefac5d32bb1f3b51d5e9261"
dependencies = [
 "byteorder",
 "crc32fast",
 "crossbeam-utils",
 "flate2",
]

[[patch.unused]]
name = "bies"
version = "0.2.3"

[[patch.unused]]
name = "deduplicating_array"
version = "0.1.7"

[[patch.unused]]
name = "icu4x-datagen"
version = "2.0.0-beta1"

[[patch.unused]]
name = "icu4x_ecma402"
version = "0.9.0-dev"

[[patch.unused]]
name = "icu_benchmark_macros"
version = "0.0.0"

[[patch.unused]]
name = "icu_capi"
version = "2.0.0-beta1"

[[patch.unused]]
name = "icu_freertos"
version = "2.0.0-beta1"

[[patch.unused]]
name = "icu_harfbuzz"
version = "0.2.0"

[[patch.unused]]
name = "tzif"
version = "0.3.0-dev"
