# This file is automatically @generated by Cargo.
# It is not intended for manual editing.
version = 3

[[package]]
name = "cfg-if"
version = "1.0.0"
source = "registry+https://github.com/rust-lang/crates.io-index"
checksum = "baf1de4339761588bc0619e3cbc0120ee582ebb74b53b4efbf79117bd2da40fd"

[[package]]
name = "diplomat"
version = "0.3.0"
source = "git+https://github.com/rust-diplomat/diplomat?rev=c51237218404421da2cf1ac0be922ff4218d6a81#c51237218404421da2cf1ac0be922ff4218d6a81"
dependencies = [
 "diplomat_core",
 "proc-macro2",
 "quote",
 "syn",
]

[[package]]
name = "diplomat-runtime"
version = "0.3.0"
source = "git+https://github.com/rust-diplomat/diplomat?rev=c51237218404421da2cf1ac0be922ff4218d6a81#c51237218404421da2cf1ac0be922ff4218d6a81"

[[package]]
name = "diplomat_core"
version = "0.3.0"
source = "git+https://github.com/rust-diplomat/diplomat?rev=c51237218404421da2cf1ac0be922ff4218d6a81#c51237218404421da2cf1ac0be922ff4218d6a81"
dependencies = [
 "impls",
 "lazy_static",
 "proc-macro2",
 "quote",
 "serde",
 "syn",
]

[[package]]
name = "displaydoc"
version = "0.2.3"
source = "registry+https://github.com/rust-lang/crates.io-index"
checksum = "3bf95dc3f046b9da4f2d51833c0d3547d8564ef6910f5c1ed130306a75b92886"
dependencies = [
 "proc-macro2",
 "quote",
 "syn",
]

[[package]]
name = "fixed_decimal"
version = "0.3.0"
dependencies = [
 "displaydoc",
 "ryu",
 "smallvec",
 "static_assertions",
 "writeable",
]

[[package]]
name = "icu_capi"
version = "0.6.0"
dependencies = [
 "diplomat",
 "diplomat-runtime",
 "fixed_decimal",
 "icu_codepointtrie",
 "icu_decimal",
 "icu_locale_canonicalizer",
 "icu_locid",
 "icu_plurals",
 "icu_properties",
 "icu_provider",
 "icu_provider_adapters",
 "icu_provider_blob",
 "icu_segmenter",
 "log",
 "tinystr",
 "unicode-bidi",
 "writeable",
]

[[package]]
name = "icu_capi_gn"
version = "0.1.0"
dependencies = [
 "icu_capi",
]

[[package]]
name = "icu_char16trie"
version = "0.1.0"
dependencies = [
 "zerovec",
]

[[package]]
name = "icu_codepointtrie"
version = "0.4.0"
dependencies = [
 "displaydoc",
 "icu_uniset",
 "serde",
 "yoke",
 "zerofrom",
 "zerovec",
]

[[package]]
name = "icu_decimal"
version = "0.6.0"
dependencies = [
 "displaydoc",
 "fixed_decimal",
 "icu_locid",
 "icu_provider",
 "serde",
 "writeable",
]

[[package]]
name = "icu_locale_canonicalizer"
version = "0.6.0"
dependencies = [
 "icu_locid",
 "icu_provider",
 "serde",
 "tinystr",
 "zerovec",
]

[[package]]
name = "icu_locid"
version = "0.6.0"
dependencies = [
 "displaydoc",
 "litemap",
 "serde",
 "tinystr",
 "writeable",
 "zerovec",
]

[[package]]
name = "icu_plurals"
version = "0.6.0"
dependencies = [
 "displaydoc",
 "fixed_decimal",
 "icu_locid",
 "icu_provider",
 "serde",
 "zerovec",
]

[[package]]
name = "icu_properties"
version = "0.6.0"
dependencies = [
 "displaydoc",
 "icu_codepointtrie",
 "icu_provider",
 "icu_uniset",
 "serde",
 "unicode-bidi",
 "zerovec",
]

[[package]]
name = "icu_provider"
version = "0.6.0"
dependencies = [
 "displaydoc",
 "icu_locid",
 "icu_provider_macros",
 "litemap",
 "postcard",
 "serde",
 "stable_deref_trait",
 "writeable",
 "yoke",
 "zerofrom",
 "zerovec",
]

[[package]]
name = "icu_provider_adapters"
version = "0.6.0"
dependencies = [
 "icu_locid",
 "icu_provider",
 "yoke",
]

[[package]]
name = "icu_provider_blob"
version = "0.6.0"
dependencies = [
 "icu_provider",
 "postcard",
 "serde",
 "writeable",
 "yoke",
 "zerovec",
]

[[package]]
name = "icu_provider_macros"
version = "0.6.0"
dependencies = [
 "proc-macro2",
 "quote",
 "syn",
]

[[package]]
name = "icu_segmenter"
version = "0.6.0"
dependencies = [
 "icu_char16trie",
 "icu_codepointtrie",
 "icu_provider",
 "lazy_static",
 "serde",
 "serde_json",
 "zerovec",
]

[[package]]
name = "icu_uniset"
version = "0.5.0"
dependencies = [
 "displaydoc",
 "serde",
 "tinystr",
 "yoke",
 "zerofrom",
 "zerovec",
]

[[package]]
name = "impls"
version = "1.0.3"
source = "registry+https://github.com/rust-lang/crates.io-index"
checksum = "7a46645bbd70538861a90d0f26c31537cdf1e44aae99a794fb75a664b70951bc"

[[package]]
name = "itoa"
version = "0.4.8"
source = "registry+https://github.com/rust-lang/crates.io-index"
checksum = "b71991ff56294aa922b450139ee08b3bfc70982c6b2c7562771375cf73542dd4"

[[package]]
name = "lazy_static"
version = "1.4.0"
source = "registry+https://github.com/rust-lang/crates.io-index"
checksum = "e2abad23fbc42b3700f2f279844dc832adb2b2eb069b2df918f455c4e18cc646"
dependencies = [
 "spin",
]

[[package]]
name = "litemap"
version = "0.4.0"

[[package]]
name = "log"
version = "0.4.14"
source = "registry+https://github.com/rust-lang/crates.io-index"
checksum = "51b9bbe6c47d51fc3e1a9b945965946b4c44142ab8792c50835a980d362c2710"
dependencies = [
 "cfg-if",
]

[[package]]
name = "postcard"
version = "0.7.2"
source = "registry+https://github.com/rust-lang/crates.io-index"
checksum = "c8863e251332eb18520388099b8b0acc4810ed6e602e3b6f674e8a46ba20e15c"
dependencies = [
 "postcard-cobs",
 "serde",
]

[[package]]
name = "postcard-cobs"
version = "0.1.5-pre"
source = "registry+https://github.com/rust-lang/crates.io-index"
checksum = "7c68cb38ed13fd7bc9dd5db8f165b7c8d9c1a315104083a2b10f11354c2af97f"

[[package]]
name = "proc-macro2"
version = "1.0.32"
source = "registry+https://github.com/rust-lang/crates.io-index"
checksum = "ba508cc11742c0dc5c1659771673afbab7a0efab23aa17e854cbab0837ed0b43"
dependencies = [
 "unicode-xid",
]

[[package]]
name = "quote"
version = "1.0.10"
source = "registry+https://github.com/rust-lang/crates.io-index"
checksum = "38bc8cc6a5f2e3655e0899c1b848643b2562f853f114bfec7be120678e3ace05"
dependencies = [
 "proc-macro2",
]

[[package]]
name = "ryu"
version = "1.0.5"
source = "registry+https://github.com/rust-lang/crates.io-index"
checksum = "71d301d4193d031abdd79ff7e3dd721168a9572ef3fe51a1517aba235bd8f86e"

[[package]]
name = "serde"
version = "1.0.130"
source = "registry+https://github.com/rust-lang/crates.io-index"
checksum = "f12d06de37cf59146fbdecab66aa99f9fe4f78722e3607577a5375d66bd0c913"
dependencies = [
 "serde_derive",
]

[[package]]
name = "serde_derive"
version = "1.0.130"
source = "registry+https://github.com/rust-lang/crates.io-index"
checksum = "d7bc1a1ab1961464eae040d96713baa5a724a8152c1222492465b54322ec508b"
dependencies = [
 "proc-macro2",
 "quote",
 "syn",
]

[[package]]
name = "serde_json"
version = "1.0.69"
source = "registry+https://github.com/rust-lang/crates.io-index"
checksum = "e466864e431129c7e0d3476b92f20458e5879919a0596c6472738d9fa2d342f8"
dependencies = [
 "itoa",
 "ryu",
 "serde",
]

[[package]]
name = "smallvec"
version = "1.7.0"
source = "registry+https://github.com/rust-lang/crates.io-index"
checksum = "1ecab6c735a6bb4139c0caafd0cc3635748bbb3acf4550e8138122099251f309"

[[package]]
name = "spin"
version = "0.5.2"
source = "registry+https://github.com/rust-lang/crates.io-index"
checksum = "6e63cff320ae2c57904679ba7cb63280a3dc4613885beafb148ee7bf9aa9042d"

[[package]]
name = "stable_deref_trait"
version = "1.2.0"
source = "registry+https://github.com/rust-lang/crates.io-index"
checksum = "a8f112729512f8e442d81f95a8a7ddf2b7c6b8a1a6f509a95864142b30cab2d3"

[[package]]
name = "static_assertions"
version = "1.1.0"
source = "registry+https://github.com/rust-lang/crates.io-index"
checksum = "a2eb9349b6444b326872e140eb1cf5e7c522154d69e7a0ffb0fb81c06b37543f"

[[package]]
name = "syn"
version = "1.0.81"
source = "registry+https://github.com/rust-lang/crates.io-index"
checksum = "f2afee18b8beb5a596ecb4a2dce128c719b4ba399d34126b9e4396e3f9860966"
dependencies = [
 "proc-macro2",
 "quote",
 "unicode-xid",
]

[[package]]
name = "synstructure"
version = "0.12.6"
source = "registry+https://github.com/rust-lang/crates.io-index"
checksum = "f36bdaa60a83aca3921b5259d5400cbf5e90fc51931376a9bd4a0eb79aa7210f"
dependencies = [
 "proc-macro2",
 "quote",
 "syn",
 "unicode-xid",
]

[[package]]
name = "tinystr"
version = "0.6.0"
dependencies = [
 "displaydoc",
 "serde",
 "zerovec",
]

[[package]]
name = "unicode-bidi"
version = "0.3.8"
source = "registry+https://github.com/rust-lang/crates.io-index"
checksum = "099b7128301d285f79ddd55b9a83d5e6b9e97c92e0ea0daebee7263e932de992"

[[package]]
name = "unicode-xid"
version = "0.2.2"
source = "registry+https://github.com/rust-lang/crates.io-index"
checksum = "8ccb82d61f80a663efe1f787a51b16b5a51e3314d6ac365b08639f52387b33f3"

[[package]]
name = "writeable"
version = "0.4.0"

[[package]]
name = "yoke"
version = "0.5.0"
dependencies = [
 "serde",
 "stable_deref_trait",
 "yoke-derive",
 "zerofrom",
]

[[package]]
name = "yoke-derive"
version = "0.5.0"
dependencies = [
 "proc-macro2",
 "quote",
 "syn",
 "synstructure",
]

[[package]]
name = "zerofrom"
version = "0.1.0"
dependencies = [
 "zerofrom-derive",
]

[[package]]
name = "zerofrom-derive"
version = "0.1.0"
dependencies = [
 "proc-macro2",
 "quote",
 "syn",
 "synstructure",
]

[[package]]
name = "zerovec"
version = "0.7.0"
dependencies = [
 "serde",
 "yoke",
 "zerofrom",
 "zerovec-derive",
]

[[package]]
name = "zerovec-derive"
version = "0.6.0"
dependencies = [
 "proc-macro2",
 "quote",
 "syn",
 "synstructure",
]
